
Microsoft Visual Studio Solution File, Format Version 12.00
# Visual Studio 14
VisualStudioVersion = 14.0.25420.1
MinimumVisualStudioVersion = 10.0.40219.1
Project("{FAE04EC0-301F-11D3-BF4B-00C04F79EFBC}") = "sample1.7", "Practice_Sample\sample1.7.csproj", "{95879A7C-CB47-4CA7-BBFE-D73D2DA6F854}"
EndProject
Project("{FAE04EC0-301F-11D3-BF4B-00C04F79EFBC}") = "sample2.1", "Project1\sample2.1.csproj", "{0DD9E37D-8CD9-4520-854F-800AE7A28F23}"
EndProject
Project("{FAE04EC0-301F-11D3-BF4B-00C04F79EFBC}") = "sample2.3-1", "sample2.3\sample2.3-1.csproj", "{D0B64AD8-A2A6-45E1-AF86-E445DBC63537}"
EndProject
Project("{FAE04EC0-301F-11D3-BF4B-00C04F79EFBC}") = "sample2.3-2", "Project2\sample2.3-2.csproj", "{024E4624-EC62-4D3C-AA1A-C68A5BA56A21}"
EndProject
Project("{FAE04EC0-301F-11D3-BF4B-00C04F79EFBC}") = "sample2.4-1", "Project3\sample2.4-1.csproj", "{4CD76B31-4A69-45CE-A26A-DB70C93D2D20}"
EndProject
Project("{FAE04EC0-301F-11D3-BF4B-00C04F79EFBC}") = "sample2.4-2", "sample2.4-2\sample2.4-2.csproj", "{EF6993F1-8FFA-44F6-BC64-9A5F3EEA4666}"
EndProject
Project("{FAE04EC0-301F-11D3-BF4B-00C04F79EFBC}") = "sample2.4-3", "Project4\sample2.4-3.csproj", "{5C3096F6-6AC9-42F9-943C-B462069A8BEA}"
EndProject
Project("{FAE04EC0-301F-11D3-BF4B-00C04F79EFBC}") = "sample2.4-4", "Project6\sample2.4-4.csproj", "{86830676-2249-420E-8363-6179FBF995AE}"
EndProject
Project("{FAE04EC0-301F-11D3-BF4B-00C04F79EFBC}") = "sample2.4-5", "sample2.4-5\sample2.4-5.csproj", "{CD1E9FAC-B42E-409C-85A4-3FB25667B07B}"
EndProject
Project("{FAE04EC0-301F-11D3-BF4B-00C04F79EFBC}") = "sample2.5", "Project8\sample2.5.csproj", "{3E4C70A6-73AF-4428-B9BD-D4D186A46966}"
EndProject
Project("{FAE04EC0-301F-11D3-BF4B-00C04F79EFBC}") = "sample3.4-1", "sample3.4\sample3.4-1.csproj", "{3CC31295-4A69-499D-9F95-1FF50A0476DD}"
EndProject
Project("{FAE04EC0-301F-11D3-BF4B-00C04F79EFBC}") = "sample3.4-2", "sample3.4-2\sample3.4-2.csproj", "{B21B5BE1-17C4-40DF-A4BE-92BFD4C2EB25}"
EndProject
Project("{FAE04EC0-301F-11D3-BF4B-00C04F79EFBC}") = "sample3.4-3", "smaple3.4-3\sample3.4-3.csproj", "{664C4CDA-DE21-4741-A7F5-1287FA038238}"
EndProject
Project("{FAE04EC0-301F-11D3-BF4B-00C04F79EFBC}") = "sample3.5-1", "sample3.5-1\sample3.5-1.csproj", "{7A06F221-3605-4D8C-9DBA-280EAF4E2AFE}"
EndProject
Project("{FAE04EC0-301F-11D3-BF4B-00C04F79EFBC}") = "sample3.5-2", "sample3.5-2\sample3.5-2.csproj", "{A95D9F80-A521-40FF-8612-2C0338B7DBB1}"
EndProject
Project("{2150E333-8FDC-42A3-9474-1A3956D46DE8}") = "sample1.-", "sample1.-", "{F89B1A67-3995-4784-A114-47A3D6984447}"
EndProject
Project("{2150E333-8FDC-42A3-9474-1A3956D46DE8}") = "sample2.-", "sample2.-", "{6F2D0624-2B56-4F32-8BFC-9A82CD8403C5}"
EndProject
Project("{2150E333-8FDC-42A3-9474-1A3956D46DE8}") = "sample3.-", "sample3.-", "{6E5F064F-1506-440F-BA27-9156262B9C99}"
EndProject
Project("{FAE04EC0-301F-11D3-BF4B-00C04F79EFBC}") = "sample3.6-1", "sample3.6-1\sample3.6-1.csproj", "{37F830AA-5A5D-4EA4-9B7E-744AF210A758}"
EndProject
Project("{FAE04EC0-301F-11D3-BF4B-00C04F79EFBC}") = "sample3.6-2", "sample3.6-2\sample3.6-2.csproj", "{21C27046-7D00-4834-94F6-B9717A967105}"
EndProject
Project("{FAE04EC0-301F-11D3-BF4B-00C04F79EFBC}") = "sample3.7-1", "sample3.7-1\sample3.7-1.csproj", "{B4E56F1E-E550-4475-828A-9BB5BD345053}"
EndProject
Project("{FAE04EC0-301F-11D3-BF4B-00C04F79EFBC}") = "sample3.7-2", "sample3.7-2\sample3.7-2.csproj", "{289C5287-8C2C-4E0F-8240-800A298BC9CB}"
EndProject
Project("{FAE04EC0-301F-11D3-BF4B-00C04F79EFBC}") = "sample3.7-3", "sample3.7-3\sample3.7-3.csproj", "{E6B43431-DABC-4DD1-9F93-D54037D8FFEB}"
EndProject
Project("{FAE04EC0-301F-11D3-BF4B-00C04F79EFBC}") = "sample3.8", "sample3.8\sample3.8.csproj", "{D0A93AC2-D4AA-4789-B060-8A6662D1D691}"
EndProject
Project("{FAE04EC0-301F-11D3-BF4B-00C04F79EFBC}") = "sample3.9", "sample3.9\sample3.9.csproj", "{77AC8694-6DF4-41FD-AE27-C6DE180F815E}"
EndProject
Project("{FAE04EC0-301F-11D3-BF4B-00C04F79EFBC}") = "sample3.10-1", "sample3.10\sample3.10-1.csproj", "{C3DDFA6D-64B4-4AC4-A31A-58E8F9F972AE}"
EndProject
Project("{FAE04EC0-301F-11D3-BF4B-00C04F79EFBC}") = "sample3.10-2", "sample3.10-2\sample3.10-2.csproj", "{B75C77D5-05BB-4FBA-B595-2C19B0E5AEBB}"
EndProject
Project("{FAE04EC0-301F-11D3-BF4B-00C04F79EFBC}") = "sample3.11", "sample3.11\sample3.11.csproj", "{D65EB6E8-BC91-43B5-916B-6790E602B5C1}"
EndProject
Project("{FAE04EC0-301F-11D3-BF4B-00C04F79EFBC}") = "sample3.12", "sample3.12\sample3.12.csproj", "{6961796C-1847-41DE-9A03-BB7E840A9E8B}"
EndProject
Project("{FAE04EC0-301F-11D3-BF4B-00C04F79EFBC}") = "sample3.13", "sample3.13\sample3.13.csproj", "{AB8DCC02-C226-4ECD-AFB3-4E91B1EB8DD5}"
EndProject
Project("{FAE04EC0-301F-11D3-BF4B-00C04F79EFBC}") = "sample3.14-1", "sample3.14-1\sample3.14-1.csproj", "{09F4C0B5-607E-449A-8BA7-B05BC49D96B3}"
EndProject
Project("{FAE04EC0-301F-11D3-BF4B-00C04F79EFBC}") = "sample3.14-2", "sample3.14-2\sample3.14-2.csproj", "{23931E9D-F385-42D2-BB95-E0A5CE53FEFE}"
EndProject
Project("{FAE04EC0-301F-11D3-BF4B-00C04F79EFBC}") = "sample3.14-3", "sample3.14-3\sample3.14-3.csproj", "{FF143B81-47E6-4212-AA60-205881043160}"
EndProject
Project("{FAE04EC0-301F-11D3-BF4B-00C04F79EFBC}") = "sample3.15", "sample3.15\sample3.15.csproj", "{B8D3AC2B-076A-4E44-B912-4C525C87B872}"
EndProject
Project("{FAE04EC0-301F-11D3-BF4B-00C04F79EFBC}") = "sample3.16-1", "sample3.16-1\sample3.16-1.csproj", "{9163CBF7-6F56-40CB-95FC-458D716423C3}"
EndProject
Project("{FAE04EC0-301F-11D3-BF4B-00C04F79EFBC}") = "sample3.16-2", "sample3.16-2\sample3.16-2.csproj", "{FAD6A50B-AB73-4285-BBA1-38C36A0A7A3F}"
EndProject
Project("{2150E333-8FDC-42A3-9474-1A3956D46DE8}") = "sample4.-", "sample4.-", "{F8F8454E-8A97-4685-A0D3-7F1391D1EDC1}"
EndProject
Project("{FAE04EC0-301F-11D3-BF4B-00C04F79EFBC}") = "sample4.1", "sample4.1\sample4.1.csproj", "{81CB0B69-E967-4652-8923-5A7A58F9F26C}"
EndProject
Project("{FAE04EC0-301F-11D3-BF4B-00C04F79EFBC}") = "sample4.2-1", "sample4.2-1\sample4.2-1.csproj", "{01AB96C1-54FD-426F-B68F-ABE0922DC5C6}"
EndProject
Project("{FAE04EC0-301F-11D3-BF4B-00C04F79EFBC}") = "sample4.2-2", "sample4.2-2\sample4.2-2.csproj", "{A75FE71B-1B96-4D3E-8BD9-81551B3BA052}"
EndProject
Project("{FAE04EC0-301F-11D3-BF4B-00C04F79EFBC}") = "sample4.2-3", "sample4.2-3\sample4.2-3.csproj", "{FCF40B6F-85B3-4704-837D-578AA209B3CC}"
EndProject
Project("{FAE04EC0-301F-11D3-BF4B-00C04F79EFBC}") = "sample4.3-1", "sample4.3-1\sample4.3-1.csproj", "{48F9040D-2AE6-4103-B2AB-983F7DCE30A9}"
EndProject
Project("{FAE04EC0-301F-11D3-BF4B-00C04F79EFBC}") = "sample4.3-2", "sample4.3-2\sample4.3-2.csproj", "{0D1A292B-3861-4F42-A5E4-BA57BC797F25}"
EndProject
Project("{FAE04EC0-301F-11D3-BF4B-00C04F79EFBC}") = "sample4.5-1", "sample4.5-1\sample4.5-1.csproj", "{83C13086-FB1F-4BB3-8BEE-E10C1748D79A}"
EndProject
Project("{FAE04EC0-301F-11D3-BF4B-00C04F79EFBC}") = "sample4.5-2", "sample4.5-2\sample4.5-2.csproj", "{E67CE4BE-CD9C-4E0D-A183-C2FB618B4030}"
EndProject
Project("{FAE04EC0-301F-11D3-BF4B-00C04F79EFBC}") = "sample4.6", "sample4.6\sample4.6.csproj", "{EDA3950A-EB48-412C-ADDE-577C2793D504}"
EndProject
Project("{2150E333-8FDC-42A3-9474-1A3956D46DE8}") = "sample5.-", "sample5.-", "{C69ADBC5-978B-48AE-835E-F78CE9BEE3D5}"
EndProject
Project("{FAE04EC0-301F-11D3-BF4B-00C04F79EFBC}") = "sample5.2-2", "sample5.2-2\sample5.2-2.csproj", "{9901F3C5-FF89-4AF3-92CC-BD30D92B9DD9}"
EndProject
Project("{FAE04EC0-301F-11D3-BF4B-00C04F79EFBC}") = "sample5.2-3", "sample5.2-3\sample5.2-3.csproj", "{328F5EA9-8466-43A3-B40B-D2E98CA9EAB4}"
EndProject
Project("{FAE04EC0-301F-11D3-BF4B-00C04F79EFBC}") = "sample5.2-1", "sample5.2-1\sample5.2-1.csproj", "{6DE4556F-14E2-4430-B6FE-F30E651C4409}"
EndProject
Project("{FAE04EC0-301F-11D3-BF4B-00C04F79EFBC}") = "sample5.2-4", "sample5.2-4\sample5.2-4.csproj", "{96D8571E-BFAB-4264-9998-06D89BD34DA8}"
EndProject
Project("{FAE04EC0-301F-11D3-BF4B-00C04F79EFBC}") = "sample5.3-1", "sample5.3-1\sample5.3-1.csproj", "{73CB6661-0AB1-4E53-A907-3309EFDA7384}"
EndProject
Project("{FAE04EC0-301F-11D3-BF4B-00C04F79EFBC}") = "sample5.3-2", "sample5.3-2\sample5.3-2.csproj", "{34FF71DB-0480-4590-A11D-70F7385CF2E2}"
EndProject
Project("{FAE04EC0-301F-11D3-BF4B-00C04F79EFBC}") = "sample5.4-1", "sample5.4-1\sample5.4-1.csproj", "{B828183F-09E0-44F8-B90C-2A339954A25A}"
EndProject
Project("{FAE04EC0-301F-11D3-BF4B-00C04F79EFBC}") = "sample5.4-2", "sample5.4-2\sample5.4-2.csproj", "{688ACDF0-C417-4299-A518-88B5349D8910}"
EndProject
Project("{FAE04EC0-301F-11D3-BF4B-00C04F79EFBC}") = "sample5.4-3", "sample5.4-3\sample5.4-3.csproj", "{432C8758-3CB7-4369-8C00-78C6F476FE5A}"
EndProject
Project("{FAE04EC0-301F-11D3-BF4B-00C04F79EFBC}") = "sample5.4-4", "sample5.4-4\sample5.4-4.csproj", "{EDC666DD-A008-4981-AAB9-F13ED3CE60FA}"
EndProject
Project("{FAE04EC0-301F-11D3-BF4B-00C04F79EFBC}") = "sample5.4-5", "sample5.4-5\sample5.4-5.csproj", "{CECF4B4C-D310-4B10-9647-742C83323CEF}"
EndProject
Project("{FAE04EC0-301F-11D3-BF4B-00C04F79EFBC}") = "sample5.4-6", "sample6.4-6\sample5.4-6.csproj", "{107B62DA-4546-411B-B0B7-55B4555A9645}"
EndProject
Project("{FAE04EC0-301F-11D3-BF4B-00C04F79EFBC}") = "sample5.5-1", "sample5.5-1\sample5.5-1.csproj", "{4F929C64-914D-49AC-B917-954EE1034FA3}"
EndProject
Project("{FAE04EC0-301F-11D3-BF4B-00C04F79EFBC}") = "sample5.5-2", "sample5.5-2\sample5.5-2.csproj", "{882A0E73-0941-416C-BABB-7A89DD87AD6F}"
EndProject
Project("{FAE04EC0-301F-11D3-BF4B-00C04F79EFBC}") = "sample5.5-3", "sample5.5-3\sample5.5-3.csproj", "{FC044BC2-B3A4-4387-9790-7F3739978A83}"
EndProject
Project("{FAE04EC0-301F-11D3-BF4B-00C04F79EFBC}") = "sample5.6", "sample5.6\sample5.6.csproj", "{682228C7-F91B-4B2B-91D0-67A8A55609BD}"
EndProject
Project("{FAE04EC0-301F-11D3-BF4B-00C04F79EFBC}") = "sample5.7", "sample5.7\sample5.7.csproj", "{8104A9C4-0802-4C21-90D7-496A93FAE8D3}"
EndProject
Project("{2150E333-8FDC-42A3-9474-1A3956D46DE8}") = "sample6.-", "sample6.-", "{772F9098-08F7-4589-A8E3-DE3EC84604E5}"
EndProject
Project("{FAE04EC0-301F-11D3-BF4B-00C04F79EFBC}") = "sample6.1-1", "sample6.1\sample6.1-1.csproj", "{F151FBB2-DB18-4C39-85D2-F29C908E64C6}"
EndProject
Project("{FAE04EC0-301F-11D3-BF4B-00C04F79EFBC}") = "sample6.1-2", "sample6.1-2\sample6.1-2.csproj", "{1B2AC540-EE81-456E-B737-2FE82C9D007F}"
EndProject
Project("{FAE04EC0-301F-11D3-BF4B-00C04F79EFBC}") = "sample6.2-1", "sample6.2-1\sample6.2-1.csproj", "{60A8B252-B549-4094-9650-AC9ADC23A79F}"
EndProject
Project("{FAE04EC0-301F-11D3-BF4B-00C04F79EFBC}") = "sample6.2-2", "sample6.2-2\sample6.2-2.csproj", "{54958908-0490-4BCD-925C-D30B611FCFEB}"
EndProject
Project("{FAE04EC0-301F-11D3-BF4B-00C04F79EFBC}") = "sample6.2-3", "sample6.2-3\sample6.2-3.csproj", "{E1EE74BA-C743-4FEE-B95E-2B2A2F5D1106}"
EndProject
Project("{FAE04EC0-301F-11D3-BF4B-00C04F79EFBC}") = "sample6.3", "sample6.3\sample6.3.csproj", "{80EC48D1-5099-4457-8539-850ACC3E6C3B}"
EndProject
Project("{FAE04EC0-301F-11D3-BF4B-00C04F79EFBC}") = "sample6.4-1", "sample6.4\sample6.4-1.csproj", "{C01ED271-69D5-494B-8DF6-0B5CABFA2F9B}"
EndProject
Project("{FAE04EC0-301F-11D3-BF4B-00C04F79EFBC}") = "sample6.4-2", "sample6.4-2\sample6.4-2.csproj", "{3192D057-EE7D-4975-A471-8C0EA50EE550}"
EndProject
Project("{FAE04EC0-301F-11D3-BF4B-00C04F79EFBC}") = "sample6.5", "sample6.5\sample6.5.csproj", "{B2A9E906-BBA1-4CAB-8D23-122C14991F2C}"
EndProject
Project("{FAE04EC0-301F-11D3-BF4B-00C04F79EFBC}") = "sample6.6", "sample6.6\sample6.6.csproj", "{125E2A2A-C5A2-44BF-A06D-50DA08E9DAA1}"
EndProject
Project("{FAE04EC0-301F-11D3-BF4B-00C04F79EFBC}") = "sample6.7", "sample6.7\sample6.7.csproj", "{D0E26251-336D-4917-97F5-9E2E0CE097E4}"
EndProject
Project("{2150E333-8FDC-42A3-9474-1A3956D46DE8}") = "sample7.-", "sample7.-", "{07F0F4FB-316E-4A3F-9C69-5E1AC37FF1BF}"
EndProject
Project("{FAE04EC0-301F-11D3-BF4B-00C04F79EFBC}") = "sample7.2-1", "sample7.2-1\sample7.2-1.csproj", "{CDB7C5D2-0191-4BEB-ACE8-13A571B02995}"
EndProject
Project("{FAE04EC0-301F-11D3-BF4B-00C04F79EFBC}") = "sample7.2-2", "sample7.2-2\sample7.2-2.csproj", "{4F5C857C-0DD7-4BA2-86ED-1BDB9381A6B7}"
EndProject
Project("{FAE04EC0-301F-11D3-BF4B-00C04F79EFBC}") = "sample7.2-3", "sample7.2-3\sample7.2-3.csproj", "{8C3C3AC4-9758-4687-B4EF-1E495564DEA2}"
EndProject
Project("{FAE04EC0-301F-11D3-BF4B-00C04F79EFBC}") = "sample7.2-4", "sample7.2-4\sample7.2-4.csproj", "{F1B63E66-2FAF-4E34-BE90-EF0830ECD6CE}"
EndProject
Project("{FAE04EC0-301F-11D3-BF4B-00C04F79EFBC}") = "sample7.3-1", "sample7.3-1\sample7.3-1.csproj", "{26D54B79-3DD4-4068-A96E-56DE2664E24A}"
EndProject
Project("{FAE04EC0-301F-11D3-BF4B-00C04F79EFBC}") = "sample7.3-2", "sample7.3-2\sample7.3-2.csproj", "{EDC8D826-F80B-4798-A944-5023162B659B}"
EndProject
Project("{FAE04EC0-301F-11D3-BF4B-00C04F79EFBC}") = "sample7.3-3", "sample7.3-3\sample7.3-3.csproj", "{1FF4A60B-B97C-451C-8812-71A68C4FDC5A}"
EndProject
Project("{FAE04EC0-301F-11D3-BF4B-00C04F79EFBC}") = "sample7.4-1", "sample7.4-1\sample7.4-1.csproj", "{AA473BC5-6300-4D6C-8E40-E37DFC90B669}"
EndProject
Project("{FAE04EC0-301F-11D3-BF4B-00C04F79EFBC}") = "sample7.4-2", "sample7.4-2_constructor02.cs\sample7.4-2.csproj", "{09FBC681-7A59-47E3-A3CA-03C26CFA2033}"
EndProject
Project("{FAE04EC0-301F-11D3-BF4B-00C04F79EFBC}") = "sample7.4-3", "sample7.4-3\sample7.4-3.csproj", "{7630EA21-4E5E-426D-B6AA-D41E29BA1104}"
EndProject
Project("{FAE04EC0-301F-11D3-BF4B-00C04F79EFBC}") = "sample7.5", "sample7.5\sample7.5.csproj", "{BA03EC3B-DD43-449A-A6F0-57E30F4D4723}"
EndProject
Project("{FAE04EC0-301F-11D3-BF4B-00C04F79EFBC}") = "sample7.6", "sample7.6\sample7.6.csproj", "{62A0B8DF-A56F-4BA3-9C86-21E4DC5AC7C2}"
EndProject
Project("{2150E333-8FDC-42A3-9474-1A3956D46DE8}") = "sample8.-", "sample8.-", "{A41C78A5-9920-4AB4-B5DA-192DAC7AB800}"
EndProject
Project("{FAE04EC0-301F-11D3-BF4B-00C04F79EFBC}") = "sample8.1-1", "sample8.1-1\sample8.1-1.csproj", "{65F75676-3A20-49DD-BF57-B5372D4C217E}"
EndProject
Global
	GlobalSection(SolutionConfigurationPlatforms) = preSolution
		Debug|Any CPU = Debug|Any CPU
		Release|Any CPU = Release|Any CPU
	EndGlobalSection
	GlobalSection(ProjectConfigurationPlatforms) = postSolution
		{95879A7C-CB47-4CA7-BBFE-D73D2DA6F854}.Debug|Any CPU.ActiveCfg = Debug|Any CPU
		{95879A7C-CB47-4CA7-BBFE-D73D2DA6F854}.Debug|Any CPU.Build.0 = Debug|Any CPU
		{95879A7C-CB47-4CA7-BBFE-D73D2DA6F854}.Release|Any CPU.ActiveCfg = Release|Any CPU
		{95879A7C-CB47-4CA7-BBFE-D73D2DA6F854}.Release|Any CPU.Build.0 = Release|Any CPU
		{0DD9E37D-8CD9-4520-854F-800AE7A28F23}.Debug|Any CPU.ActiveCfg = Debug|Any CPU
		{0DD9E37D-8CD9-4520-854F-800AE7A28F23}.Debug|Any CPU.Build.0 = Debug|Any CPU
		{0DD9E37D-8CD9-4520-854F-800AE7A28F23}.Release|Any CPU.ActiveCfg = Release|Any CPU
		{0DD9E37D-8CD9-4520-854F-800AE7A28F23}.Release|Any CPU.Build.0 = Release|Any CPU
		{D0B64AD8-A2A6-45E1-AF86-E445DBC63537}.Debug|Any CPU.ActiveCfg = Debug|Any CPU
		{D0B64AD8-A2A6-45E1-AF86-E445DBC63537}.Debug|Any CPU.Build.0 = Debug|Any CPU
		{D0B64AD8-A2A6-45E1-AF86-E445DBC63537}.Release|Any CPU.ActiveCfg = Release|Any CPU
		{D0B64AD8-A2A6-45E1-AF86-E445DBC63537}.Release|Any CPU.Build.0 = Release|Any CPU
		{024E4624-EC62-4D3C-AA1A-C68A5BA56A21}.Debug|Any CPU.ActiveCfg = Debug|Any CPU
		{024E4624-EC62-4D3C-AA1A-C68A5BA56A21}.Debug|Any CPU.Build.0 = Debug|Any CPU
		{024E4624-EC62-4D3C-AA1A-C68A5BA56A21}.Release|Any CPU.ActiveCfg = Release|Any CPU
		{024E4624-EC62-4D3C-AA1A-C68A5BA56A21}.Release|Any CPU.Build.0 = Release|Any CPU
		{4CD76B31-4A69-45CE-A26A-DB70C93D2D20}.Debug|Any CPU.ActiveCfg = Debug|Any CPU
		{4CD76B31-4A69-45CE-A26A-DB70C93D2D20}.Debug|Any CPU.Build.0 = Debug|Any CPU
		{4CD76B31-4A69-45CE-A26A-DB70C93D2D20}.Release|Any CPU.ActiveCfg = Release|Any CPU
		{4CD76B31-4A69-45CE-A26A-DB70C93D2D20}.Release|Any CPU.Build.0 = Release|Any CPU
		{EF6993F1-8FFA-44F6-BC64-9A5F3EEA4666}.Debug|Any CPU.ActiveCfg = Debug|Any CPU
		{EF6993F1-8FFA-44F6-BC64-9A5F3EEA4666}.Debug|Any CPU.Build.0 = Debug|Any CPU
		{EF6993F1-8FFA-44F6-BC64-9A5F3EEA4666}.Release|Any CPU.ActiveCfg = Release|Any CPU
		{EF6993F1-8FFA-44F6-BC64-9A5F3EEA4666}.Release|Any CPU.Build.0 = Release|Any CPU
		{5C3096F6-6AC9-42F9-943C-B462069A8BEA}.Debug|Any CPU.ActiveCfg = Debug|Any CPU
		{5C3096F6-6AC9-42F9-943C-B462069A8BEA}.Debug|Any CPU.Build.0 = Debug|Any CPU
		{5C3096F6-6AC9-42F9-943C-B462069A8BEA}.Release|Any CPU.ActiveCfg = Release|Any CPU
		{5C3096F6-6AC9-42F9-943C-B462069A8BEA}.Release|Any CPU.Build.0 = Release|Any CPU
		{86830676-2249-420E-8363-6179FBF995AE}.Debug|Any CPU.ActiveCfg = Debug|Any CPU
		{86830676-2249-420E-8363-6179FBF995AE}.Debug|Any CPU.Build.0 = Debug|Any CPU
		{86830676-2249-420E-8363-6179FBF995AE}.Release|Any CPU.ActiveCfg = Release|Any CPU
		{86830676-2249-420E-8363-6179FBF995AE}.Release|Any CPU.Build.0 = Release|Any CPU
		{CD1E9FAC-B42E-409C-85A4-3FB25667B07B}.Debug|Any CPU.ActiveCfg = Debug|Any CPU
		{CD1E9FAC-B42E-409C-85A4-3FB25667B07B}.Debug|Any CPU.Build.0 = Debug|Any CPU
		{CD1E9FAC-B42E-409C-85A4-3FB25667B07B}.Release|Any CPU.ActiveCfg = Release|Any CPU
		{CD1E9FAC-B42E-409C-85A4-3FB25667B07B}.Release|Any CPU.Build.0 = Release|Any CPU
		{3E4C70A6-73AF-4428-B9BD-D4D186A46966}.Debug|Any CPU.ActiveCfg = Debug|Any CPU
		{3E4C70A6-73AF-4428-B9BD-D4D186A46966}.Debug|Any CPU.Build.0 = Debug|Any CPU
		{3E4C70A6-73AF-4428-B9BD-D4D186A46966}.Release|Any CPU.ActiveCfg = Release|Any CPU
		{3E4C70A6-73AF-4428-B9BD-D4D186A46966}.Release|Any CPU.Build.0 = Release|Any CPU
		{3CC31295-4A69-499D-9F95-1FF50A0476DD}.Debug|Any CPU.ActiveCfg = Debug|Any CPU
		{3CC31295-4A69-499D-9F95-1FF50A0476DD}.Debug|Any CPU.Build.0 = Debug|Any CPU
		{3CC31295-4A69-499D-9F95-1FF50A0476DD}.Release|Any CPU.ActiveCfg = Release|Any CPU
		{3CC31295-4A69-499D-9F95-1FF50A0476DD}.Release|Any CPU.Build.0 = Release|Any CPU
		{B21B5BE1-17C4-40DF-A4BE-92BFD4C2EB25}.Debug|Any CPU.ActiveCfg = Debug|Any CPU
		{B21B5BE1-17C4-40DF-A4BE-92BFD4C2EB25}.Debug|Any CPU.Build.0 = Debug|Any CPU
		{B21B5BE1-17C4-40DF-A4BE-92BFD4C2EB25}.Release|Any CPU.ActiveCfg = Release|Any CPU
		{B21B5BE1-17C4-40DF-A4BE-92BFD4C2EB25}.Release|Any CPU.Build.0 = Release|Any CPU
		{664C4CDA-DE21-4741-A7F5-1287FA038238}.Debug|Any CPU.ActiveCfg = Debug|Any CPU
		{664C4CDA-DE21-4741-A7F5-1287FA038238}.Debug|Any CPU.Build.0 = Debug|Any CPU
		{664C4CDA-DE21-4741-A7F5-1287FA038238}.Release|Any CPU.ActiveCfg = Release|Any CPU
		{664C4CDA-DE21-4741-A7F5-1287FA038238}.Release|Any CPU.Build.0 = Release|Any CPU
		{7A06F221-3605-4D8C-9DBA-280EAF4E2AFE}.Debug|Any CPU.ActiveCfg = Debug|Any CPU
		{7A06F221-3605-4D8C-9DBA-280EAF4E2AFE}.Debug|Any CPU.Build.0 = Debug|Any CPU
		{7A06F221-3605-4D8C-9DBA-280EAF4E2AFE}.Release|Any CPU.ActiveCfg = Release|Any CPU
		{7A06F221-3605-4D8C-9DBA-280EAF4E2AFE}.Release|Any CPU.Build.0 = Release|Any CPU
		{A95D9F80-A521-40FF-8612-2C0338B7DBB1}.Debug|Any CPU.ActiveCfg = Debug|Any CPU
		{A95D9F80-A521-40FF-8612-2C0338B7DBB1}.Debug|Any CPU.Build.0 = Debug|Any CPU
		{A95D9F80-A521-40FF-8612-2C0338B7DBB1}.Release|Any CPU.ActiveCfg = Release|Any CPU
		{A95D9F80-A521-40FF-8612-2C0338B7DBB1}.Release|Any CPU.Build.0 = Release|Any CPU
		{37F830AA-5A5D-4EA4-9B7E-744AF210A758}.Debug|Any CPU.ActiveCfg = Debug|Any CPU
		{37F830AA-5A5D-4EA4-9B7E-744AF210A758}.Debug|Any CPU.Build.0 = Debug|Any CPU
		{37F830AA-5A5D-4EA4-9B7E-744AF210A758}.Release|Any CPU.ActiveCfg = Release|Any CPU
		{37F830AA-5A5D-4EA4-9B7E-744AF210A758}.Release|Any CPU.Build.0 = Release|Any CPU
		{21C27046-7D00-4834-94F6-B9717A967105}.Debug|Any CPU.ActiveCfg = Debug|Any CPU
		{21C27046-7D00-4834-94F6-B9717A967105}.Debug|Any CPU.Build.0 = Debug|Any CPU
		{21C27046-7D00-4834-94F6-B9717A967105}.Release|Any CPU.ActiveCfg = Release|Any CPU
		{21C27046-7D00-4834-94F6-B9717A967105}.Release|Any CPU.Build.0 = Release|Any CPU
		{B4E56F1E-E550-4475-828A-9BB5BD345053}.Debug|Any CPU.ActiveCfg = Debug|Any CPU
		{B4E56F1E-E550-4475-828A-9BB5BD345053}.Debug|Any CPU.Build.0 = Debug|Any CPU
		{B4E56F1E-E550-4475-828A-9BB5BD345053}.Release|Any CPU.ActiveCfg = Release|Any CPU
		{B4E56F1E-E550-4475-828A-9BB5BD345053}.Release|Any CPU.Build.0 = Release|Any CPU
		{289C5287-8C2C-4E0F-8240-800A298BC9CB}.Debug|Any CPU.ActiveCfg = Debug|Any CPU
		{289C5287-8C2C-4E0F-8240-800A298BC9CB}.Debug|Any CPU.Build.0 = Debug|Any CPU
		{289C5287-8C2C-4E0F-8240-800A298BC9CB}.Release|Any CPU.ActiveCfg = Release|Any CPU
		{289C5287-8C2C-4E0F-8240-800A298BC9CB}.Release|Any CPU.Build.0 = Release|Any CPU
		{E6B43431-DABC-4DD1-9F93-D54037D8FFEB}.Debug|Any CPU.ActiveCfg = Debug|Any CPU
		{E6B43431-DABC-4DD1-9F93-D54037D8FFEB}.Debug|Any CPU.Build.0 = Debug|Any CPU
		{E6B43431-DABC-4DD1-9F93-D54037D8FFEB}.Release|Any CPU.ActiveCfg = Release|Any CPU
		{E6B43431-DABC-4DD1-9F93-D54037D8FFEB}.Release|Any CPU.Build.0 = Release|Any CPU
		{D0A93AC2-D4AA-4789-B060-8A6662D1D691}.Debug|Any CPU.ActiveCfg = Debug|Any CPU
		{D0A93AC2-D4AA-4789-B060-8A6662D1D691}.Debug|Any CPU.Build.0 = Debug|Any CPU
		{D0A93AC2-D4AA-4789-B060-8A6662D1D691}.Release|Any CPU.ActiveCfg = Release|Any CPU
		{D0A93AC2-D4AA-4789-B060-8A6662D1D691}.Release|Any CPU.Build.0 = Release|Any CPU
		{77AC8694-6DF4-41FD-AE27-C6DE180F815E}.Debug|Any CPU.ActiveCfg = Debug|Any CPU
		{77AC8694-6DF4-41FD-AE27-C6DE180F815E}.Debug|Any CPU.Build.0 = Debug|Any CPU
		{77AC8694-6DF4-41FD-AE27-C6DE180F815E}.Release|Any CPU.ActiveCfg = Release|Any CPU
		{77AC8694-6DF4-41FD-AE27-C6DE180F815E}.Release|Any CPU.Build.0 = Release|Any CPU
		{C3DDFA6D-64B4-4AC4-A31A-58E8F9F972AE}.Debug|Any CPU.ActiveCfg = Debug|Any CPU
		{C3DDFA6D-64B4-4AC4-A31A-58E8F9F972AE}.Debug|Any CPU.Build.0 = Debug|Any CPU
		{C3DDFA6D-64B4-4AC4-A31A-58E8F9F972AE}.Release|Any CPU.ActiveCfg = Release|Any CPU
		{C3DDFA6D-64B4-4AC4-A31A-58E8F9F972AE}.Release|Any CPU.Build.0 = Release|Any CPU
		{B75C77D5-05BB-4FBA-B595-2C19B0E5AEBB}.Debug|Any CPU.ActiveCfg = Debug|Any CPU
		{B75C77D5-05BB-4FBA-B595-2C19B0E5AEBB}.Debug|Any CPU.Build.0 = Debug|Any CPU
		{B75C77D5-05BB-4FBA-B595-2C19B0E5AEBB}.Release|Any CPU.ActiveCfg = Release|Any CPU
		{B75C77D5-05BB-4FBA-B595-2C19B0E5AEBB}.Release|Any CPU.Build.0 = Release|Any CPU
		{D65EB6E8-BC91-43B5-916B-6790E602B5C1}.Debug|Any CPU.ActiveCfg = Debug|Any CPU
		{D65EB6E8-BC91-43B5-916B-6790E602B5C1}.Debug|Any CPU.Build.0 = Debug|Any CPU
		{D65EB6E8-BC91-43B5-916B-6790E602B5C1}.Release|Any CPU.ActiveCfg = Release|Any CPU
		{D65EB6E8-BC91-43B5-916B-6790E602B5C1}.Release|Any CPU.Build.0 = Release|Any CPU
		{6961796C-1847-41DE-9A03-BB7E840A9E8B}.Debug|Any CPU.ActiveCfg = Debug|Any CPU
		{6961796C-1847-41DE-9A03-BB7E840A9E8B}.Debug|Any CPU.Build.0 = Debug|Any CPU
		{6961796C-1847-41DE-9A03-BB7E840A9E8B}.Release|Any CPU.ActiveCfg = Release|Any CPU
		{6961796C-1847-41DE-9A03-BB7E840A9E8B}.Release|Any CPU.Build.0 = Release|Any CPU
		{AB8DCC02-C226-4ECD-AFB3-4E91B1EB8DD5}.Debug|Any CPU.ActiveCfg = Debug|Any CPU
		{AB8DCC02-C226-4ECD-AFB3-4E91B1EB8DD5}.Debug|Any CPU.Build.0 = Debug|Any CPU
		{AB8DCC02-C226-4ECD-AFB3-4E91B1EB8DD5}.Release|Any CPU.ActiveCfg = Release|Any CPU
		{AB8DCC02-C226-4ECD-AFB3-4E91B1EB8DD5}.Release|Any CPU.Build.0 = Release|Any CPU
		{09F4C0B5-607E-449A-8BA7-B05BC49D96B3}.Debug|Any CPU.ActiveCfg = Debug|Any CPU
		{09F4C0B5-607E-449A-8BA7-B05BC49D96B3}.Debug|Any CPU.Build.0 = Debug|Any CPU
		{09F4C0B5-607E-449A-8BA7-B05BC49D96B3}.Release|Any CPU.ActiveCfg = Release|Any CPU
		{09F4C0B5-607E-449A-8BA7-B05BC49D96B3}.Release|Any CPU.Build.0 = Release|Any CPU
		{23931E9D-F385-42D2-BB95-E0A5CE53FEFE}.Debug|Any CPU.ActiveCfg = Debug|Any CPU
		{23931E9D-F385-42D2-BB95-E0A5CE53FEFE}.Debug|Any CPU.Build.0 = Debug|Any CPU
		{23931E9D-F385-42D2-BB95-E0A5CE53FEFE}.Release|Any CPU.ActiveCfg = Release|Any CPU
		{23931E9D-F385-42D2-BB95-E0A5CE53FEFE}.Release|Any CPU.Build.0 = Release|Any CPU
		{FF143B81-47E6-4212-AA60-205881043160}.Debug|Any CPU.ActiveCfg = Debug|Any CPU
		{FF143B81-47E6-4212-AA60-205881043160}.Debug|Any CPU.Build.0 = Debug|Any CPU
		{FF143B81-47E6-4212-AA60-205881043160}.Release|Any CPU.ActiveCfg = Release|Any CPU
		{FF143B81-47E6-4212-AA60-205881043160}.Release|Any CPU.Build.0 = Release|Any CPU
		{B8D3AC2B-076A-4E44-B912-4C525C87B872}.Debug|Any CPU.ActiveCfg = Debug|Any CPU
		{B8D3AC2B-076A-4E44-B912-4C525C87B872}.Debug|Any CPU.Build.0 = Debug|Any CPU
		{B8D3AC2B-076A-4E44-B912-4C525C87B872}.Release|Any CPU.ActiveCfg = Release|Any CPU
		{B8D3AC2B-076A-4E44-B912-4C525C87B872}.Release|Any CPU.Build.0 = Release|Any CPU
		{9163CBF7-6F56-40CB-95FC-458D716423C3}.Debug|Any CPU.ActiveCfg = Debug|Any CPU
		{9163CBF7-6F56-40CB-95FC-458D716423C3}.Debug|Any CPU.Build.0 = Debug|Any CPU
		{9163CBF7-6F56-40CB-95FC-458D716423C3}.Release|Any CPU.ActiveCfg = Release|Any CPU
		{9163CBF7-6F56-40CB-95FC-458D716423C3}.Release|Any CPU.Build.0 = Release|Any CPU
		{FAD6A50B-AB73-4285-BBA1-38C36A0A7A3F}.Debug|Any CPU.ActiveCfg = Debug|Any CPU
		{FAD6A50B-AB73-4285-BBA1-38C36A0A7A3F}.Debug|Any CPU.Build.0 = Debug|Any CPU
		{FAD6A50B-AB73-4285-BBA1-38C36A0A7A3F}.Release|Any CPU.ActiveCfg = Release|Any CPU
		{FAD6A50B-AB73-4285-BBA1-38C36A0A7A3F}.Release|Any CPU.Build.0 = Release|Any CPU
		{81CB0B69-E967-4652-8923-5A7A58F9F26C}.Debug|Any CPU.ActiveCfg = Debug|Any CPU
		{81CB0B69-E967-4652-8923-5A7A58F9F26C}.Debug|Any CPU.Build.0 = Debug|Any CPU
		{81CB0B69-E967-4652-8923-5A7A58F9F26C}.Release|Any CPU.ActiveCfg = Release|Any CPU
		{81CB0B69-E967-4652-8923-5A7A58F9F26C}.Release|Any CPU.Build.0 = Release|Any CPU
		{01AB96C1-54FD-426F-B68F-ABE0922DC5C6}.Debug|Any CPU.ActiveCfg = Debug|Any CPU
		{01AB96C1-54FD-426F-B68F-ABE0922DC5C6}.Debug|Any CPU.Build.0 = Debug|Any CPU
		{01AB96C1-54FD-426F-B68F-ABE0922DC5C6}.Release|Any CPU.ActiveCfg = Release|Any CPU
		{01AB96C1-54FD-426F-B68F-ABE0922DC5C6}.Release|Any CPU.Build.0 = Release|Any CPU
		{A75FE71B-1B96-4D3E-8BD9-81551B3BA052}.Debug|Any CPU.ActiveCfg = Debug|Any CPU
		{A75FE71B-1B96-4D3E-8BD9-81551B3BA052}.Debug|Any CPU.Build.0 = Debug|Any CPU
		{A75FE71B-1B96-4D3E-8BD9-81551B3BA052}.Release|Any CPU.ActiveCfg = Release|Any CPU
		{A75FE71B-1B96-4D3E-8BD9-81551B3BA052}.Release|Any CPU.Build.0 = Release|Any CPU
		{FCF40B6F-85B3-4704-837D-578AA209B3CC}.Debug|Any CPU.ActiveCfg = Debug|Any CPU
		{FCF40B6F-85B3-4704-837D-578AA209B3CC}.Debug|Any CPU.Build.0 = Debug|Any CPU
		{FCF40B6F-85B3-4704-837D-578AA209B3CC}.Release|Any CPU.ActiveCfg = Release|Any CPU
		{FCF40B6F-85B3-4704-837D-578AA209B3CC}.Release|Any CPU.Build.0 = Release|Any CPU
		{48F9040D-2AE6-4103-B2AB-983F7DCE30A9}.Debug|Any CPU.ActiveCfg = Debug|Any CPU
		{48F9040D-2AE6-4103-B2AB-983F7DCE30A9}.Debug|Any CPU.Build.0 = Debug|Any CPU
		{48F9040D-2AE6-4103-B2AB-983F7DCE30A9}.Release|Any CPU.ActiveCfg = Release|Any CPU
		{48F9040D-2AE6-4103-B2AB-983F7DCE30A9}.Release|Any CPU.Build.0 = Release|Any CPU
		{0D1A292B-3861-4F42-A5E4-BA57BC797F25}.Debug|Any CPU.ActiveCfg = Debug|Any CPU
		{0D1A292B-3861-4F42-A5E4-BA57BC797F25}.Debug|Any CPU.Build.0 = Debug|Any CPU
		{0D1A292B-3861-4F42-A5E4-BA57BC797F25}.Release|Any CPU.ActiveCfg = Release|Any CPU
		{0D1A292B-3861-4F42-A5E4-BA57BC797F25}.Release|Any CPU.Build.0 = Release|Any CPU
		{83C13086-FB1F-4BB3-8BEE-E10C1748D79A}.Debug|Any CPU.ActiveCfg = Debug|Any CPU
		{83C13086-FB1F-4BB3-8BEE-E10C1748D79A}.Debug|Any CPU.Build.0 = Debug|Any CPU
		{83C13086-FB1F-4BB3-8BEE-E10C1748D79A}.Release|Any CPU.ActiveCfg = Release|Any CPU
		{83C13086-FB1F-4BB3-8BEE-E10C1748D79A}.Release|Any CPU.Build.0 = Release|Any CPU
		{E67CE4BE-CD9C-4E0D-A183-C2FB618B4030}.Debug|Any CPU.ActiveCfg = Debug|Any CPU
		{E67CE4BE-CD9C-4E0D-A183-C2FB618B4030}.Debug|Any CPU.Build.0 = Debug|Any CPU
		{E67CE4BE-CD9C-4E0D-A183-C2FB618B4030}.Release|Any CPU.ActiveCfg = Release|Any CPU
		{E67CE4BE-CD9C-4E0D-A183-C2FB618B4030}.Release|Any CPU.Build.0 = Release|Any CPU
		{EDA3950A-EB48-412C-ADDE-577C2793D504}.Debug|Any CPU.ActiveCfg = Debug|Any CPU
		{EDA3950A-EB48-412C-ADDE-577C2793D504}.Debug|Any CPU.Build.0 = Debug|Any CPU
		{EDA3950A-EB48-412C-ADDE-577C2793D504}.Release|Any CPU.ActiveCfg = Release|Any CPU
		{EDA3950A-EB48-412C-ADDE-577C2793D504}.Release|Any CPU.Build.0 = Release|Any CPU
		{9901F3C5-FF89-4AF3-92CC-BD30D92B9DD9}.Debug|Any CPU.ActiveCfg = Debug|Any CPU
		{9901F3C5-FF89-4AF3-92CC-BD30D92B9DD9}.Debug|Any CPU.Build.0 = Debug|Any CPU
		{9901F3C5-FF89-4AF3-92CC-BD30D92B9DD9}.Release|Any CPU.ActiveCfg = Release|Any CPU
		{9901F3C5-FF89-4AF3-92CC-BD30D92B9DD9}.Release|Any CPU.Build.0 = Release|Any CPU
		{328F5EA9-8466-43A3-B40B-D2E98CA9EAB4}.Debug|Any CPU.ActiveCfg = Debug|Any CPU
		{328F5EA9-8466-43A3-B40B-D2E98CA9EAB4}.Debug|Any CPU.Build.0 = Debug|Any CPU
		{328F5EA9-8466-43A3-B40B-D2E98CA9EAB4}.Release|Any CPU.ActiveCfg = Release|Any CPU
		{328F5EA9-8466-43A3-B40B-D2E98CA9EAB4}.Release|Any CPU.Build.0 = Release|Any CPU
		{6DE4556F-14E2-4430-B6FE-F30E651C4409}.Debug|Any CPU.ActiveCfg = Debug|Any CPU
		{6DE4556F-14E2-4430-B6FE-F30E651C4409}.Debug|Any CPU.Build.0 = Debug|Any CPU
		{6DE4556F-14E2-4430-B6FE-F30E651C4409}.Release|Any CPU.ActiveCfg = Release|Any CPU
		{6DE4556F-14E2-4430-B6FE-F30E651C4409}.Release|Any CPU.Build.0 = Release|Any CPU
		{96D8571E-BFAB-4264-9998-06D89BD34DA8}.Debug|Any CPU.ActiveCfg = Debug|Any CPU
		{96D8571E-BFAB-4264-9998-06D89BD34DA8}.Debug|Any CPU.Build.0 = Debug|Any CPU
		{96D8571E-BFAB-4264-9998-06D89BD34DA8}.Release|Any CPU.ActiveCfg = Release|Any CPU
		{96D8571E-BFAB-4264-9998-06D89BD34DA8}.Release|Any CPU.Build.0 = Release|Any CPU
		{73CB6661-0AB1-4E53-A907-3309EFDA7384}.Debug|Any CPU.ActiveCfg = Debug|Any CPU
		{73CB6661-0AB1-4E53-A907-3309EFDA7384}.Debug|Any CPU.Build.0 = Debug|Any CPU
		{73CB6661-0AB1-4E53-A907-3309EFDA7384}.Release|Any CPU.ActiveCfg = Release|Any CPU
		{73CB6661-0AB1-4E53-A907-3309EFDA7384}.Release|Any CPU.Build.0 = Release|Any CPU
		{34FF71DB-0480-4590-A11D-70F7385CF2E2}.Debug|Any CPU.ActiveCfg = Debug|Any CPU
		{34FF71DB-0480-4590-A11D-70F7385CF2E2}.Debug|Any CPU.Build.0 = Debug|Any CPU
		{34FF71DB-0480-4590-A11D-70F7385CF2E2}.Release|Any CPU.ActiveCfg = Release|Any CPU
		{34FF71DB-0480-4590-A11D-70F7385CF2E2}.Release|Any CPU.Build.0 = Release|Any CPU
		{B828183F-09E0-44F8-B90C-2A339954A25A}.Debug|Any CPU.ActiveCfg = Debug|Any CPU
		{B828183F-09E0-44F8-B90C-2A339954A25A}.Debug|Any CPU.Build.0 = Debug|Any CPU
		{B828183F-09E0-44F8-B90C-2A339954A25A}.Release|Any CPU.ActiveCfg = Release|Any CPU
		{B828183F-09E0-44F8-B90C-2A339954A25A}.Release|Any CPU.Build.0 = Release|Any CPU
		{688ACDF0-C417-4299-A518-88B5349D8910}.Debug|Any CPU.ActiveCfg = Debug|Any CPU
		{688ACDF0-C417-4299-A518-88B5349D8910}.Debug|Any CPU.Build.0 = Debug|Any CPU
		{688ACDF0-C417-4299-A518-88B5349D8910}.Release|Any CPU.ActiveCfg = Release|Any CPU
		{688ACDF0-C417-4299-A518-88B5349D8910}.Release|Any CPU.Build.0 = Release|Any CPU
		{432C8758-3CB7-4369-8C00-78C6F476FE5A}.Debug|Any CPU.ActiveCfg = Debug|Any CPU
		{432C8758-3CB7-4369-8C00-78C6F476FE5A}.Debug|Any CPU.Build.0 = Debug|Any CPU
		{432C8758-3CB7-4369-8C00-78C6F476FE5A}.Release|Any CPU.ActiveCfg = Release|Any CPU
		{432C8758-3CB7-4369-8C00-78C6F476FE5A}.Release|Any CPU.Build.0 = Release|Any CPU
		{EDC666DD-A008-4981-AAB9-F13ED3CE60FA}.Debug|Any CPU.ActiveCfg = Debug|Any CPU
		{EDC666DD-A008-4981-AAB9-F13ED3CE60FA}.Debug|Any CPU.Build.0 = Debug|Any CPU
		{EDC666DD-A008-4981-AAB9-F13ED3CE60FA}.Release|Any CPU.ActiveCfg = Release|Any CPU
		{EDC666DD-A008-4981-AAB9-F13ED3CE60FA}.Release|Any CPU.Build.0 = Release|Any CPU
		{CECF4B4C-D310-4B10-9647-742C83323CEF}.Debug|Any CPU.ActiveCfg = Debug|Any CPU
		{CECF4B4C-D310-4B10-9647-742C83323CEF}.Debug|Any CPU.Build.0 = Debug|Any CPU
		{CECF4B4C-D310-4B10-9647-742C83323CEF}.Release|Any CPU.ActiveCfg = Release|Any CPU
		{CECF4B4C-D310-4B10-9647-742C83323CEF}.Release|Any CPU.Build.0 = Release|Any CPU
		{107B62DA-4546-411B-B0B7-55B4555A9645}.Debug|Any CPU.ActiveCfg = Debug|Any CPU
		{107B62DA-4546-411B-B0B7-55B4555A9645}.Debug|Any CPU.Build.0 = Debug|Any CPU
		{107B62DA-4546-411B-B0B7-55B4555A9645}.Release|Any CPU.ActiveCfg = Release|Any CPU
		{107B62DA-4546-411B-B0B7-55B4555A9645}.Release|Any CPU.Build.0 = Release|Any CPU
		{4F929C64-914D-49AC-B917-954EE1034FA3}.Debug|Any CPU.ActiveCfg = Debug|Any CPU
		{4F929C64-914D-49AC-B917-954EE1034FA3}.Debug|Any CPU.Build.0 = Debug|Any CPU
		{4F929C64-914D-49AC-B917-954EE1034FA3}.Release|Any CPU.ActiveCfg = Release|Any CPU
		{4F929C64-914D-49AC-B917-954EE1034FA3}.Release|Any CPU.Build.0 = Release|Any CPU
		{882A0E73-0941-416C-BABB-7A89DD87AD6F}.Debug|Any CPU.ActiveCfg = Debug|Any CPU
		{882A0E73-0941-416C-BABB-7A89DD87AD6F}.Debug|Any CPU.Build.0 = Debug|Any CPU
		{882A0E73-0941-416C-BABB-7A89DD87AD6F}.Release|Any CPU.ActiveCfg = Release|Any CPU
		{882A0E73-0941-416C-BABB-7A89DD87AD6F}.Release|Any CPU.Build.0 = Release|Any CPU
		{FC044BC2-B3A4-4387-9790-7F3739978A83}.Debug|Any CPU.ActiveCfg = Debug|Any CPU
		{FC044BC2-B3A4-4387-9790-7F3739978A83}.Debug|Any CPU.Build.0 = Debug|Any CPU
		{FC044BC2-B3A4-4387-9790-7F3739978A83}.Release|Any CPU.ActiveCfg = Release|Any CPU
		{FC044BC2-B3A4-4387-9790-7F3739978A83}.Release|Any CPU.Build.0 = Release|Any CPU
		{682228C7-F91B-4B2B-91D0-67A8A55609BD}.Debug|Any CPU.ActiveCfg = Debug|Any CPU
		{682228C7-F91B-4B2B-91D0-67A8A55609BD}.Debug|Any CPU.Build.0 = Debug|Any CPU
		{682228C7-F91B-4B2B-91D0-67A8A55609BD}.Release|Any CPU.ActiveCfg = Release|Any CPU
		{682228C7-F91B-4B2B-91D0-67A8A55609BD}.Release|Any CPU.Build.0 = Release|Any CPU
		{8104A9C4-0802-4C21-90D7-496A93FAE8D3}.Debug|Any CPU.ActiveCfg = Debug|Any CPU
		{8104A9C4-0802-4C21-90D7-496A93FAE8D3}.Debug|Any CPU.Build.0 = Debug|Any CPU
		{8104A9C4-0802-4C21-90D7-496A93FAE8D3}.Release|Any CPU.ActiveCfg = Release|Any CPU
		{8104A9C4-0802-4C21-90D7-496A93FAE8D3}.Release|Any CPU.Build.0 = Release|Any CPU
		{F151FBB2-DB18-4C39-85D2-F29C908E64C6}.Debug|Any CPU.ActiveCfg = Debug|Any CPU
		{F151FBB2-DB18-4C39-85D2-F29C908E64C6}.Debug|Any CPU.Build.0 = Debug|Any CPU
		{F151FBB2-DB18-4C39-85D2-F29C908E64C6}.Release|Any CPU.ActiveCfg = Release|Any CPU
		{F151FBB2-DB18-4C39-85D2-F29C908E64C6}.Release|Any CPU.Build.0 = Release|Any CPU
		{1B2AC540-EE81-456E-B737-2FE82C9D007F}.Debug|Any CPU.ActiveCfg = Debug|Any CPU
		{1B2AC540-EE81-456E-B737-2FE82C9D007F}.Debug|Any CPU.Build.0 = Debug|Any CPU
		{1B2AC540-EE81-456E-B737-2FE82C9D007F}.Release|Any CPU.ActiveCfg = Release|Any CPU
		{1B2AC540-EE81-456E-B737-2FE82C9D007F}.Release|Any CPU.Build.0 = Release|Any CPU
		{60A8B252-B549-4094-9650-AC9ADC23A79F}.Debug|Any CPU.ActiveCfg = Debug|Any CPU
		{60A8B252-B549-4094-9650-AC9ADC23A79F}.Debug|Any CPU.Build.0 = Debug|Any CPU
		{60A8B252-B549-4094-9650-AC9ADC23A79F}.Release|Any CPU.ActiveCfg = Release|Any CPU
		{60A8B252-B549-4094-9650-AC9ADC23A79F}.Release|Any CPU.Build.0 = Release|Any CPU
		{54958908-0490-4BCD-925C-D30B611FCFEB}.Debug|Any CPU.ActiveCfg = Debug|Any CPU
		{54958908-0490-4BCD-925C-D30B611FCFEB}.Debug|Any CPU.Build.0 = Debug|Any CPU
		{54958908-0490-4BCD-925C-D30B611FCFEB}.Release|Any CPU.ActiveCfg = Release|Any CPU
		{54958908-0490-4BCD-925C-D30B611FCFEB}.Release|Any CPU.Build.0 = Release|Any CPU
		{E1EE74BA-C743-4FEE-B95E-2B2A2F5D1106}.Debug|Any CPU.ActiveCfg = Debug|Any CPU
		{E1EE74BA-C743-4FEE-B95E-2B2A2F5D1106}.Debug|Any CPU.Build.0 = Debug|Any CPU
		{E1EE74BA-C743-4FEE-B95E-2B2A2F5D1106}.Release|Any CPU.ActiveCfg = Release|Any CPU
		{E1EE74BA-C743-4FEE-B95E-2B2A2F5D1106}.Release|Any CPU.Build.0 = Release|Any CPU
		{80EC48D1-5099-4457-8539-850ACC3E6C3B}.Debug|Any CPU.ActiveCfg = Debug|Any CPU
		{80EC48D1-5099-4457-8539-850ACC3E6C3B}.Debug|Any CPU.Build.0 = Debug|Any CPU
		{80EC48D1-5099-4457-8539-850ACC3E6C3B}.Release|Any CPU.ActiveCfg = Release|Any CPU
		{80EC48D1-5099-4457-8539-850ACC3E6C3B}.Release|Any CPU.Build.0 = Release|Any CPU
		{C01ED271-69D5-494B-8DF6-0B5CABFA2F9B}.Debug|Any CPU.ActiveCfg = Debug|Any CPU
		{C01ED271-69D5-494B-8DF6-0B5CABFA2F9B}.Debug|Any CPU.Build.0 = Debug|Any CPU
		{C01ED271-69D5-494B-8DF6-0B5CABFA2F9B}.Release|Any CPU.ActiveCfg = Release|Any CPU
		{C01ED271-69D5-494B-8DF6-0B5CABFA2F9B}.Release|Any CPU.Build.0 = Release|Any CPU
		{3192D057-EE7D-4975-A471-8C0EA50EE550}.Debug|Any CPU.ActiveCfg = Debug|Any CPU
		{3192D057-EE7D-4975-A471-8C0EA50EE550}.Debug|Any CPU.Build.0 = Debug|Any CPU
		{3192D057-EE7D-4975-A471-8C0EA50EE550}.Release|Any CPU.ActiveCfg = Release|Any CPU
		{3192D057-EE7D-4975-A471-8C0EA50EE550}.Release|Any CPU.Build.0 = Release|Any CPU
		{B2A9E906-BBA1-4CAB-8D23-122C14991F2C}.Debug|Any CPU.ActiveCfg = Debug|Any CPU
		{B2A9E906-BBA1-4CAB-8D23-122C14991F2C}.Debug|Any CPU.Build.0 = Debug|Any CPU
		{B2A9E906-BBA1-4CAB-8D23-122C14991F2C}.Release|Any CPU.ActiveCfg = Release|Any CPU
		{B2A9E906-BBA1-4CAB-8D23-122C14991F2C}.Release|Any CPU.Build.0 = Release|Any CPU
		{125E2A2A-C5A2-44BF-A06D-50DA08E9DAA1}.Debug|Any CPU.ActiveCfg = Debug|Any CPU
		{125E2A2A-C5A2-44BF-A06D-50DA08E9DAA1}.Debug|Any CPU.Build.0 = Debug|Any CPU
		{125E2A2A-C5A2-44BF-A06D-50DA08E9DAA1}.Release|Any CPU.ActiveCfg = Release|Any CPU
		{125E2A2A-C5A2-44BF-A06D-50DA08E9DAA1}.Release|Any CPU.Build.0 = Release|Any CPU
		{D0E26251-336D-4917-97F5-9E2E0CE097E4}.Debug|Any CPU.ActiveCfg = Debug|Any CPU
		{D0E26251-336D-4917-97F5-9E2E0CE097E4}.Debug|Any CPU.Build.0 = Debug|Any CPU
		{D0E26251-336D-4917-97F5-9E2E0CE097E4}.Release|Any CPU.ActiveCfg = Release|Any CPU
		{D0E26251-336D-4917-97F5-9E2E0CE097E4}.Release|Any CPU.Build.0 = Release|Any CPU
		{CDB7C5D2-0191-4BEB-ACE8-13A571B02995}.Debug|Any CPU.ActiveCfg = Debug|Any CPU
		{CDB7C5D2-0191-4BEB-ACE8-13A571B02995}.Debug|Any CPU.Build.0 = Debug|Any CPU
		{CDB7C5D2-0191-4BEB-ACE8-13A571B02995}.Release|Any CPU.ActiveCfg = Release|Any CPU
		{CDB7C5D2-0191-4BEB-ACE8-13A571B02995}.Release|Any CPU.Build.0 = Release|Any CPU
		{4F5C857C-0DD7-4BA2-86ED-1BDB9381A6B7}.Debug|Any CPU.ActiveCfg = Debug|Any CPU
		{4F5C857C-0DD7-4BA2-86ED-1BDB9381A6B7}.Debug|Any CPU.Build.0 = Debug|Any CPU
		{4F5C857C-0DD7-4BA2-86ED-1BDB9381A6B7}.Release|Any CPU.ActiveCfg = Release|Any CPU
		{4F5C857C-0DD7-4BA2-86ED-1BDB9381A6B7}.Release|Any CPU.Build.0 = Release|Any CPU
		{8C3C3AC4-9758-4687-B4EF-1E495564DEA2}.Debug|Any CPU.ActiveCfg = Debug|Any CPU
		{8C3C3AC4-9758-4687-B4EF-1E495564DEA2}.Debug|Any CPU.Build.0 = Debug|Any CPU
		{8C3C3AC4-9758-4687-B4EF-1E495564DEA2}.Release|Any CPU.ActiveCfg = Release|Any CPU
		{8C3C3AC4-9758-4687-B4EF-1E495564DEA2}.Release|Any CPU.Build.0 = Release|Any CPU
		{F1B63E66-2FAF-4E34-BE90-EF0830ECD6CE}.Debug|Any CPU.ActiveCfg = Debug|Any CPU
		{F1B63E66-2FAF-4E34-BE90-EF0830ECD6CE}.Debug|Any CPU.Build.0 = Debug|Any CPU
		{F1B63E66-2FAF-4E34-BE90-EF0830ECD6CE}.Release|Any CPU.ActiveCfg = Release|Any CPU
		{F1B63E66-2FAF-4E34-BE90-EF0830ECD6CE}.Release|Any CPU.Build.0 = Release|Any CPU
		{26D54B79-3DD4-4068-A96E-56DE2664E24A}.Debug|Any CPU.ActiveCfg = Debug|Any CPU
		{26D54B79-3DD4-4068-A96E-56DE2664E24A}.Debug|Any CPU.Build.0 = Debug|Any CPU
		{26D54B79-3DD4-4068-A96E-56DE2664E24A}.Release|Any CPU.ActiveCfg = Release|Any CPU
		{26D54B79-3DD4-4068-A96E-56DE2664E24A}.Release|Any CPU.Build.0 = Release|Any CPU
		{EDC8D826-F80B-4798-A944-5023162B659B}.Debug|Any CPU.ActiveCfg = Debug|Any CPU
		{EDC8D826-F80B-4798-A944-5023162B659B}.Debug|Any CPU.Build.0 = Debug|Any CPU
		{EDC8D826-F80B-4798-A944-5023162B659B}.Release|Any CPU.ActiveCfg = Release|Any CPU
		{EDC8D826-F80B-4798-A944-5023162B659B}.Release|Any CPU.Build.0 = Release|Any CPU
		{1FF4A60B-B97C-451C-8812-71A68C4FDC5A}.Debug|Any CPU.ActiveCfg = Debug|Any CPU
		{1FF4A60B-B97C-451C-8812-71A68C4FDC5A}.Debug|Any CPU.Build.0 = Debug|Any CPU
		{1FF4A60B-B97C-451C-8812-71A68C4FDC5A}.Release|Any CPU.ActiveCfg = Release|Any CPU
		{1FF4A60B-B97C-451C-8812-71A68C4FDC5A}.Release|Any CPU.Build.0 = Release|Any CPU
		{AA473BC5-6300-4D6C-8E40-E37DFC90B669}.Debug|Any CPU.ActiveCfg = Debug|Any CPU
		{AA473BC5-6300-4D6C-8E40-E37DFC90B669}.Debug|Any CPU.Build.0 = Debug|Any CPU
		{AA473BC5-6300-4D6C-8E40-E37DFC90B669}.Release|Any CPU.ActiveCfg = Release|Any CPU
		{AA473BC5-6300-4D6C-8E40-E37DFC90B669}.Release|Any CPU.Build.0 = Release|Any CPU
		{09FBC681-7A59-47E3-A3CA-03C26CFA2033}.Debug|Any CPU.ActiveCfg = Debug|Any CPU
		{09FBC681-7A59-47E3-A3CA-03C26CFA2033}.Debug|Any CPU.Build.0 = Debug|Any CPU
		{09FBC681-7A59-47E3-A3CA-03C26CFA2033}.Release|Any CPU.ActiveCfg = Release|Any CPU
		{09FBC681-7A59-47E3-A3CA-03C26CFA2033}.Release|Any CPU.Build.0 = Release|Any CPU
		{7630EA21-4E5E-426D-B6AA-D41E29BA1104}.Debug|Any CPU.ActiveCfg = Debug|Any CPU
		{7630EA21-4E5E-426D-B6AA-D41E29BA1104}.Debug|Any CPU.Build.0 = Debug|Any CPU
		{7630EA21-4E5E-426D-B6AA-D41E29BA1104}.Release|Any CPU.ActiveCfg = Release|Any CPU
		{7630EA21-4E5E-426D-B6AA-D41E29BA1104}.Release|Any CPU.Build.0 = Release|Any CPU
		{BA03EC3B-DD43-449A-A6F0-57E30F4D4723}.Debug|Any CPU.ActiveCfg = Debug|Any CPU
		{BA03EC3B-DD43-449A-A6F0-57E30F4D4723}.Debug|Any CPU.Build.0 = Debug|Any CPU
		{BA03EC3B-DD43-449A-A6F0-57E30F4D4723}.Release|Any CPU.ActiveCfg = Release|Any CPU
		{BA03EC3B-DD43-449A-A6F0-57E30F4D4723}.Release|Any CPU.Build.0 = Release|Any CPU
		{62A0B8DF-A56F-4BA3-9C86-21E4DC5AC7C2}.Debug|Any CPU.ActiveCfg = Debug|Any CPU
		{62A0B8DF-A56F-4BA3-9C86-21E4DC5AC7C2}.Debug|Any CPU.Build.0 = Debug|Any CPU
		{62A0B8DF-A56F-4BA3-9C86-21E4DC5AC7C2}.Release|Any CPU.ActiveCfg = Release|Any CPU
		{62A0B8DF-A56F-4BA3-9C86-21E4DC5AC7C2}.Release|Any CPU.Build.0 = Release|Any CPU
		{65F75676-3A20-49DD-BF57-B5372D4C217E}.Debug|Any CPU.ActiveCfg = Debug|Any CPU
		{65F75676-3A20-49DD-BF57-B5372D4C217E}.Debug|Any CPU.Build.0 = Debug|Any CPU
		{65F75676-3A20-49DD-BF57-B5372D4C217E}.Release|Any CPU.ActiveCfg = Release|Any CPU
		{65F75676-3A20-49DD-BF57-B5372D4C217E}.Release|Any CPU.Build.0 = Release|Any CPU
	EndGlobalSection
	GlobalSection(SolutionProperties) = preSolution
		HideSolutionNode = FALSE
	EndGlobalSection
	GlobalSection(NestedProjects) = preSolution
		{95879A7C-CB47-4CA7-BBFE-D73D2DA6F854} = {F89B1A67-3995-4784-A114-47A3D6984447}
		{0DD9E37D-8CD9-4520-854F-800AE7A28F23} = {6F2D0624-2B56-4F32-8BFC-9A82CD8403C5}
		{D0B64AD8-A2A6-45E1-AF86-E445DBC63537} = {6F2D0624-2B56-4F32-8BFC-9A82CD8403C5}
		{024E4624-EC62-4D3C-AA1A-C68A5BA56A21} = {6F2D0624-2B56-4F32-8BFC-9A82CD8403C5}
		{4CD76B31-4A69-45CE-A26A-DB70C93D2D20} = {6F2D0624-2B56-4F32-8BFC-9A82CD8403C5}
		{EF6993F1-8FFA-44F6-BC64-9A5F3EEA4666} = {6F2D0624-2B56-4F32-8BFC-9A82CD8403C5}
		{5C3096F6-6AC9-42F9-943C-B462069A8BEA} = {6F2D0624-2B56-4F32-8BFC-9A82CD8403C5}
		{86830676-2249-420E-8363-6179FBF995AE} = {6F2D0624-2B56-4F32-8BFC-9A82CD8403C5}
		{CD1E9FAC-B42E-409C-85A4-3FB25667B07B} = {6F2D0624-2B56-4F32-8BFC-9A82CD8403C5}
		{3E4C70A6-73AF-4428-B9BD-D4D186A46966} = {6F2D0624-2B56-4F32-8BFC-9A82CD8403C5}
		{3CC31295-4A69-499D-9F95-1FF50A0476DD} = {6E5F064F-1506-440F-BA27-9156262B9C99}
		{B21B5BE1-17C4-40DF-A4BE-92BFD4C2EB25} = {6E5F064F-1506-440F-BA27-9156262B9C99}
		{664C4CDA-DE21-4741-A7F5-1287FA038238} = {6E5F064F-1506-440F-BA27-9156262B9C99}
		{7A06F221-3605-4D8C-9DBA-280EAF4E2AFE} = {6E5F064F-1506-440F-BA27-9156262B9C99}
		{A95D9F80-A521-40FF-8612-2C0338B7DBB1} = {6E5F064F-1506-440F-BA27-9156262B9C99}
		{37F830AA-5A5D-4EA4-9B7E-744AF210A758} = {6E5F064F-1506-440F-BA27-9156262B9C99}
		{21C27046-7D00-4834-94F6-B9717A967105} = {6E5F064F-1506-440F-BA27-9156262B9C99}
		{B4E56F1E-E550-4475-828A-9BB5BD345053} = {6E5F064F-1506-440F-BA27-9156262B9C99}
		{289C5287-8C2C-4E0F-8240-800A298BC9CB} = {6E5F064F-1506-440F-BA27-9156262B9C99}
		{E6B43431-DABC-4DD1-9F93-D54037D8FFEB} = {6E5F064F-1506-440F-BA27-9156262B9C99}
		{D0A93AC2-D4AA-4789-B060-8A6662D1D691} = {6E5F064F-1506-440F-BA27-9156262B9C99}
		{77AC8694-6DF4-41FD-AE27-C6DE180F815E} = {6E5F064F-1506-440F-BA27-9156262B9C99}
		{C3DDFA6D-64B4-4AC4-A31A-58E8F9F972AE} = {6E5F064F-1506-440F-BA27-9156262B9C99}
		{B75C77D5-05BB-4FBA-B595-2C19B0E5AEBB} = {6E5F064F-1506-440F-BA27-9156262B9C99}
		{D65EB6E8-BC91-43B5-916B-6790E602B5C1} = {6E5F064F-1506-440F-BA27-9156262B9C99}
		{6961796C-1847-41DE-9A03-BB7E840A9E8B} = {6E5F064F-1506-440F-BA27-9156262B9C99}
		{AB8DCC02-C226-4ECD-AFB3-4E91B1EB8DD5} = {6E5F064F-1506-440F-BA27-9156262B9C99}
		{09F4C0B5-607E-449A-8BA7-B05BC49D96B3} = {6E5F064F-1506-440F-BA27-9156262B9C99}
		{23931E9D-F385-42D2-BB95-E0A5CE53FEFE} = {6E5F064F-1506-440F-BA27-9156262B9C99}
		{FF143B81-47E6-4212-AA60-205881043160} = {6E5F064F-1506-440F-BA27-9156262B9C99}
		{B8D3AC2B-076A-4E44-B912-4C525C87B872} = {6E5F064F-1506-440F-BA27-9156262B9C99}
		{9163CBF7-6F56-40CB-95FC-458D716423C3} = {6E5F064F-1506-440F-BA27-9156262B9C99}
		{FAD6A50B-AB73-4285-BBA1-38C36A0A7A3F} = {6E5F064F-1506-440F-BA27-9156262B9C99}
		{81CB0B69-E967-4652-8923-5A7A58F9F26C} = {F8F8454E-8A97-4685-A0D3-7F1391D1EDC1}
		{01AB96C1-54FD-426F-B68F-ABE0922DC5C6} = {F8F8454E-8A97-4685-A0D3-7F1391D1EDC1}
		{A75FE71B-1B96-4D3E-8BD9-81551B3BA052} = {F8F8454E-8A97-4685-A0D3-7F1391D1EDC1}
		{FCF40B6F-85B3-4704-837D-578AA209B3CC} = {F8F8454E-8A97-4685-A0D3-7F1391D1EDC1}
		{48F9040D-2AE6-4103-B2AB-983F7DCE30A9} = {F8F8454E-8A97-4685-A0D3-7F1391D1EDC1}
		{0D1A292B-3861-4F42-A5E4-BA57BC797F25} = {F8F8454E-8A97-4685-A0D3-7F1391D1EDC1}
		{83C13086-FB1F-4BB3-8BEE-E10C1748D79A} = {F8F8454E-8A97-4685-A0D3-7F1391D1EDC1}
		{E67CE4BE-CD9C-4E0D-A183-C2FB618B4030} = {F8F8454E-8A97-4685-A0D3-7F1391D1EDC1}
		{EDA3950A-EB48-412C-ADDE-577C2793D504} = {F8F8454E-8A97-4685-A0D3-7F1391D1EDC1}
		{9901F3C5-FF89-4AF3-92CC-BD30D92B9DD9} = {C69ADBC5-978B-48AE-835E-F78CE9BEE3D5}
		{328F5EA9-8466-43A3-B40B-D2E98CA9EAB4} = {C69ADBC5-978B-48AE-835E-F78CE9BEE3D5}
		{6DE4556F-14E2-4430-B6FE-F30E651C4409} = {C69ADBC5-978B-48AE-835E-F78CE9BEE3D5}
		{96D8571E-BFAB-4264-9998-06D89BD34DA8} = {C69ADBC5-978B-48AE-835E-F78CE9BEE3D5}
		{73CB6661-0AB1-4E53-A907-3309EFDA7384} = {C69ADBC5-978B-48AE-835E-F78CE9BEE3D5}
		{34FF71DB-0480-4590-A11D-70F7385CF2E2} = {C69ADBC5-978B-48AE-835E-F78CE9BEE3D5}
		{B828183F-09E0-44F8-B90C-2A339954A25A} = {C69ADBC5-978B-48AE-835E-F78CE9BEE3D5}
		{688ACDF0-C417-4299-A518-88B5349D8910} = {C69ADBC5-978B-48AE-835E-F78CE9BEE3D5}
		{432C8758-3CB7-4369-8C00-78C6F476FE5A} = {C69ADBC5-978B-48AE-835E-F78CE9BEE3D5}
		{EDC666DD-A008-4981-AAB9-F13ED3CE60FA} = {C69ADBC5-978B-48AE-835E-F78CE9BEE3D5}
		{CECF4B4C-D310-4B10-9647-742C83323CEF} = {C69ADBC5-978B-48AE-835E-F78CE9BEE3D5}
		{107B62DA-4546-411B-B0B7-55B4555A9645} = {C69ADBC5-978B-48AE-835E-F78CE9BEE3D5}
		{4F929C64-914D-49AC-B917-954EE1034FA3} = {C69ADBC5-978B-48AE-835E-F78CE9BEE3D5}
		{882A0E73-0941-416C-BABB-7A89DD87AD6F} = {C69ADBC5-978B-48AE-835E-F78CE9BEE3D5}
		{FC044BC2-B3A4-4387-9790-7F3739978A83} = {C69ADBC5-978B-48AE-835E-F78CE9BEE3D5}
		{682228C7-F91B-4B2B-91D0-67A8A55609BD} = {C69ADBC5-978B-48AE-835E-F78CE9BEE3D5}
		{8104A9C4-0802-4C21-90D7-496A93FAE8D3} = {C69ADBC5-978B-48AE-835E-F78CE9BEE3D5}
		{F151FBB2-DB18-4C39-85D2-F29C908E64C6} = {772F9098-08F7-4589-A8E3-DE3EC84604E5}
		{1B2AC540-EE81-456E-B737-2FE82C9D007F} = {772F9098-08F7-4589-A8E3-DE3EC84604E5}
		{60A8B252-B549-4094-9650-AC9ADC23A79F} = {772F9098-08F7-4589-A8E3-DE3EC84604E5}
		{54958908-0490-4BCD-925C-D30B611FCFEB} = {772F9098-08F7-4589-A8E3-DE3EC84604E5}
		{E1EE74BA-C743-4FEE-B95E-2B2A2F5D1106} = {772F9098-08F7-4589-A8E3-DE3EC84604E5}
		{80EC48D1-5099-4457-8539-850ACC3E6C3B} = {772F9098-08F7-4589-A8E3-DE3EC84604E5}
		{C01ED271-69D5-494B-8DF6-0B5CABFA2F9B} = {772F9098-08F7-4589-A8E3-DE3EC84604E5}
		{3192D057-EE7D-4975-A471-8C0EA50EE550} = {772F9098-08F7-4589-A8E3-DE3EC84604E5}
		{B2A9E906-BBA1-4CAB-8D23-122C14991F2C} = {772F9098-08F7-4589-A8E3-DE3EC84604E5}
		{125E2A2A-C5A2-44BF-A06D-50DA08E9DAA1} = {772F9098-08F7-4589-A8E3-DE3EC84604E5}
		{D0E26251-336D-4917-97F5-9E2E0CE097E4} = {772F9098-08F7-4589-A8E3-DE3EC84604E5}
		{CDB7C5D2-0191-4BEB-ACE8-13A571B02995} = {07F0F4FB-316E-4A3F-9C69-5E1AC37FF1BF}
		{4F5C857C-0DD7-4BA2-86ED-1BDB9381A6B7} = {07F0F4FB-316E-4A3F-9C69-5E1AC37FF1BF}
		{8C3C3AC4-9758-4687-B4EF-1E495564DEA2} = {07F0F4FB-316E-4A3F-9C69-5E1AC37FF1BF}
		{F1B63E66-2FAF-4E34-BE90-EF0830ECD6CE} = {07F0F4FB-316E-4A3F-9C69-5E1AC37FF1BF}
		{26D54B79-3DD4-4068-A96E-56DE2664E24A} = {07F0F4FB-316E-4A3F-9C69-5E1AC37FF1BF}
		{EDC8D826-F80B-4798-A944-5023162B659B} = {07F0F4FB-316E-4A3F-9C69-5E1AC37FF1BF}
		{1FF4A60B-B97C-451C-8812-71A68C4FDC5A} = {07F0F4FB-316E-4A3F-9C69-5E1AC37FF1BF}
		{AA473BC5-6300-4D6C-8E40-E37DFC90B669} = {07F0F4FB-316E-4A3F-9C69-5E1AC37FF1BF}
		{09FBC681-7A59-47E3-A3CA-03C26CFA2033} = {07F0F4FB-316E-4A3F-9C69-5E1AC37FF1BF}
		{7630EA21-4E5E-426D-B6AA-D41E29BA1104} = {07F0F4FB-316E-4A3F-9C69-5E1AC37FF1BF}
		{BA03EC3B-DD43-449A-A6F0-57E30F4D4723} = {07F0F4FB-316E-4A3F-9C69-5E1AC37FF1BF}
		{62A0B8DF-A56F-4BA3-9C86-21E4DC5AC7C2} = {07F0F4FB-316E-4A3F-9C69-5E1AC37FF1BF}
		{65F75676-3A20-49DD-BF57-B5372D4C217E} = {A41C78A5-9920-4AB4-B5DA-192DAC7AB800}
	EndGlobalSection
EndGlobal
