
Microsoft Visual Studio Solution File, Format Version 12.00
# Visual Studio 14
VisualStudioVersion = 14.0.25123.0
MinimumVisualStudioVersion = 10.0.40219.1
Project("{FAE04EC0-301F-11D3-BF4B-00C04F79EFBC}") = "sample1.7", "Practice_Sample\sample1.7.csproj", "{95879A7C-CB47-4CA7-BBFE-D73D2DA6F854}"
EndProject
Project("{FAE04EC0-301F-11D3-BF4B-00C04F79EFBC}") = "sample2.1", "Project1\sample2.1.csproj", "{0DD9E37D-8CD9-4520-854F-800AE7A28F23}"
EndProject
Project("{FAE04EC0-301F-11D3-BF4B-00C04F79EFBC}") = "sample2.3-1", "sample2.3\sample2.3-1.csproj", "{D0B64AD8-A2A6-45E1-AF86-E445DBC63537}"
EndProject
Project("{FAE04EC0-301F-11D3-BF4B-00C04F79EFBC}") = "sample2.3-2", "Project2\sample2.3-2.csproj", "{024E4624-EC62-4D3C-AA1A-C68A5BA56A21}"
EndProject
Project("{FAE04EC0-301F-11D3-BF4B-00C04F79EFBC}") = "sample2.4-1", "Project3\sample2.4-1.csproj", "{4CD76B31-4A69-45CE-A26A-DB70C93D2D20}"
EndProject
Project("{FAE04EC0-301F-11D3-BF4B-00C04F79EFBC}") = "sample2.4-2", "sample2.4-2\sample2.4-2.csproj", "{EF6993F1-8FFA-44F6-BC64-9A5F3EEA4666}"
EndProject
Project("{FAE04EC0-301F-11D3-BF4B-00C04F79EFBC}") = "sample2.4-3", "Project4\sample2.4-3.csproj", "{5C3096F6-6AC9-42F9-943C-B462069A8BEA}"
EndProject
Project("{FAE04EC0-301F-11D3-BF4B-00C04F79EFBC}") = "sample2.4-4", "Project6\sample2.4-4.csproj", "{86830676-2249-420E-8363-6179FBF995AE}"
EndProject
Project("{FAE04EC0-301F-11D3-BF4B-00C04F79EFBC}") = "sample2.4-5", "sample2.4-5\sample2.4-5.csproj", "{CD1E9FAC-B42E-409C-85A4-3FB25667B07B}"
EndProject
Project("{FAE04EC0-301F-11D3-BF4B-00C04F79EFBC}") = "sample2.5", "Project8\sample2.5.csproj", "{3E4C70A6-73AF-4428-B9BD-D4D186A46966}"
EndProject
Project("{FAE04EC0-301F-11D3-BF4B-00C04F79EFBC}") = "sample3.4-1", "sample3.4\sample3.4-1.csproj", "{3CC31295-4A69-499D-9F95-1FF50A0476DD}"
EndProject
Project("{FAE04EC0-301F-11D3-BF4B-00C04F79EFBC}") = "sample3.4-2", "sample3.4-2\sample3.4-2.csproj", "{B21B5BE1-17C4-40DF-A4BE-92BFD4C2EB25}"
EndProject
Project("{FAE04EC0-301F-11D3-BF4B-00C04F79EFBC}") = "sample3.4-3", "smaple3.4-3\sample3.4-3.csproj", "{664C4CDA-DE21-4741-A7F5-1287FA038238}"
EndProject
Project("{FAE04EC0-301F-11D3-BF4B-00C04F79EFBC}") = "sample3.5-1", "sample3.5-1\sample3.5-1.csproj", "{7A06F221-3605-4D8C-9DBA-280EAF4E2AFE}"
EndProject
Project("{FAE04EC0-301F-11D3-BF4B-00C04F79EFBC}") = "sample3.5-2", "sample3.5-2\sample3.5-2.csproj", "{A95D9F80-A521-40FF-8612-2C0338B7DBB1}"
EndProject
Project("{2150E333-8FDC-42A3-9474-1A3956D46DE8}") = "sample1.-", "sample1.-", "{F89B1A67-3995-4784-A114-47A3D6984447}"
EndProject
Project("{2150E333-8FDC-42A3-9474-1A3956D46DE8}") = "sample2.-", "sample2.-", "{6F2D0624-2B56-4F32-8BFC-9A82CD8403C5}"
EndProject
Project("{2150E333-8FDC-42A3-9474-1A3956D46DE8}") = "sample3.-", "sample3.-", "{6E5F064F-1506-440F-BA27-9156262B9C99}"
EndProject
Project("{FAE04EC0-301F-11D3-BF4B-00C04F79EFBC}") = "sample3.6-1", "sample3.6-1\sample3.6-1.csproj", "{37F830AA-5A5D-4EA4-9B7E-744AF210A758}"
EndProject
Project("{FAE04EC0-301F-11D3-BF4B-00C04F79EFBC}") = "sample3.6-2", "sample3.6-2\sample3.6-2.csproj", "{21C27046-7D00-4834-94F6-B9717A967105}"
EndProject
Project("{FAE04EC0-301F-11D3-BF4B-00C04F79EFBC}") = "sample3.7-1", "sample3.7-1\sample3.7-1.csproj", "{B4E56F1E-E550-4475-828A-9BB5BD345053}"
EndProject
Project("{FAE04EC0-301F-11D3-BF4B-00C04F79EFBC}") = "sample3.7-2", "sample3.7-2\sample3.7-2.csproj", "{289C5287-8C2C-4E0F-8240-800A298BC9CB}"
EndProject
Project("{FAE04EC0-301F-11D3-BF4B-00C04F79EFBC}") = "sample3.7-3", "sample3.7-3\sample3.7-3.csproj", "{E6B43431-DABC-4DD1-9F93-D54037D8FFEB}"
EndProject
Project("{FAE04EC0-301F-11D3-BF4B-00C04F79EFBC}") = "sample3.8", "sample3.8\sample3.8.csproj", "{D0A93AC2-D4AA-4789-B060-8A6662D1D691}"
EndProject
Project("{FAE04EC0-301F-11D3-BF4B-00C04F79EFBC}") = "sample3.9", "sample3.9\sample3.9.csproj", "{77AC8694-6DF4-41FD-AE27-C6DE180F815E}"
EndProject
Project("{FAE04EC0-301F-11D3-BF4B-00C04F79EFBC}") = "sample3.10-1", "sample3.10\sample3.10-1.csproj", "{C3DDFA6D-64B4-4AC4-A31A-58E8F9F972AE}"
EndProject
Project("{FAE04EC0-301F-11D3-BF4B-00C04F79EFBC}") = "sample3.10-2", "sample3.10-2\sample3.10-2.csproj", "{B75C77D5-05BB-4FBA-B595-2C19B0E5AEBB}"
EndProject
Project("{FAE04EC0-301F-11D3-BF4B-00C04F79EFBC}") = "sample3.11", "sample3.11\sample3.11.csproj", "{D65EB6E8-BC91-43B5-916B-6790E602B5C1}"
EndProject
Project("{FAE04EC0-301F-11D3-BF4B-00C04F79EFBC}") = "sample3.12", "sample3.12\sample3.12.csproj", "{6961796C-1847-41DE-9A03-BB7E840A9E8B}"
EndProject
Project("{FAE04EC0-301F-11D3-BF4B-00C04F79EFBC}") = "sample3.13", "sample3.13\sample3.13.csproj", "{AB8DCC02-C226-4ECD-AFB3-4E91B1EB8DD5}"
EndProject
Project("{FAE04EC0-301F-11D3-BF4B-00C04F79EFBC}") = "sample3.14-1", "sample3.14-1\sample3.14-1.csproj", "{09F4C0B5-607E-449A-8BA7-B05BC49D96B3}"
EndProject
Project("{FAE04EC0-301F-11D3-BF4B-00C04F79EFBC}") = "sample3.14-2", "sample3.14-2\sample3.14-2.csproj", "{23931E9D-F385-42D2-BB95-E0A5CE53FEFE}"
EndProject
Project("{FAE04EC0-301F-11D3-BF4B-00C04F79EFBC}") = "sample3.14-3", "sample3.14-3\sample3.14-3.csproj", "{FF143B81-47E6-4212-AA60-205881043160}"
EndProject
Project("{FAE04EC0-301F-11D3-BF4B-00C04F79EFBC}") = "sample3.15", "sample3.15\sample3.15.csproj", "{B8D3AC2B-076A-4E44-B912-4C525C87B872}"
EndProject
Global
	GlobalSection(SolutionConfigurationPlatforms) = preSolution
		Debug|Any CPU = Debug|Any CPU
		Release|Any CPU = Release|Any CPU
	EndGlobalSection
	GlobalSection(ProjectConfigurationPlatforms) = postSolution
		{95879A7C-CB47-4CA7-BBFE-D73D2DA6F854}.Debug|Any CPU.ActiveCfg = Debug|Any CPU
		{95879A7C-CB47-4CA7-BBFE-D73D2DA6F854}.Debug|Any CPU.Build.0 = Debug|Any CPU
		{95879A7C-CB47-4CA7-BBFE-D73D2DA6F854}.Release|Any CPU.ActiveCfg = Release|Any CPU
		{95879A7C-CB47-4CA7-BBFE-D73D2DA6F854}.Release|Any CPU.Build.0 = Release|Any CPU
		{0DD9E37D-8CD9-4520-854F-800AE7A28F23}.Debug|Any CPU.ActiveCfg = Debug|Any CPU
		{0DD9E37D-8CD9-4520-854F-800AE7A28F23}.Debug|Any CPU.Build.0 = Debug|Any CPU
		{0DD9E37D-8CD9-4520-854F-800AE7A28F23}.Release|Any CPU.ActiveCfg = Release|Any CPU
		{0DD9E37D-8CD9-4520-854F-800AE7A28F23}.Release|Any CPU.Build.0 = Release|Any CPU
		{D0B64AD8-A2A6-45E1-AF86-E445DBC63537}.Debug|Any CPU.ActiveCfg = Debug|Any CPU
		{D0B64AD8-A2A6-45E1-AF86-E445DBC63537}.Debug|Any CPU.Build.0 = Debug|Any CPU
		{D0B64AD8-A2A6-45E1-AF86-E445DBC63537}.Release|Any CPU.ActiveCfg = Release|Any CPU
		{D0B64AD8-A2A6-45E1-AF86-E445DBC63537}.Release|Any CPU.Build.0 = Release|Any CPU
		{024E4624-EC62-4D3C-AA1A-C68A5BA56A21}.Debug|Any CPU.ActiveCfg = Debug|Any CPU
		{024E4624-EC62-4D3C-AA1A-C68A5BA56A21}.Debug|Any CPU.Build.0 = Debug|Any CPU
		{024E4624-EC62-4D3C-AA1A-C68A5BA56A21}.Release|Any CPU.ActiveCfg = Release|Any CPU
		{024E4624-EC62-4D3C-AA1A-C68A5BA56A21}.Release|Any CPU.Build.0 = Release|Any CPU
		{4CD76B31-4A69-45CE-A26A-DB70C93D2D20}.Debug|Any CPU.ActiveCfg = Debug|Any CPU
		{4CD76B31-4A69-45CE-A26A-DB70C93D2D20}.Debug|Any CPU.Build.0 = Debug|Any CPU
		{4CD76B31-4A69-45CE-A26A-DB70C93D2D20}.Release|Any CPU.ActiveCfg = Release|Any CPU
		{4CD76B31-4A69-45CE-A26A-DB70C93D2D20}.Release|Any CPU.Build.0 = Release|Any CPU
		{EF6993F1-8FFA-44F6-BC64-9A5F3EEA4666}.Debug|Any CPU.ActiveCfg = Debug|Any CPU
		{EF6993F1-8FFA-44F6-BC64-9A5F3EEA4666}.Debug|Any CPU.Build.0 = Debug|Any CPU
		{EF6993F1-8FFA-44F6-BC64-9A5F3EEA4666}.Release|Any CPU.ActiveCfg = Release|Any CPU
		{EF6993F1-8FFA-44F6-BC64-9A5F3EEA4666}.Release|Any CPU.Build.0 = Release|Any CPU
		{5C3096F6-6AC9-42F9-943C-B462069A8BEA}.Debug|Any CPU.ActiveCfg = Debug|Any CPU
		{5C3096F6-6AC9-42F9-943C-B462069A8BEA}.Debug|Any CPU.Build.0 = Debug|Any CPU
		{5C3096F6-6AC9-42F9-943C-B462069A8BEA}.Release|Any CPU.ActiveCfg = Release|Any CPU
		{5C3096F6-6AC9-42F9-943C-B462069A8BEA}.Release|Any CPU.Build.0 = Release|Any CPU
		{86830676-2249-420E-8363-6179FBF995AE}.Debug|Any CPU.ActiveCfg = Debug|Any CPU
		{86830676-2249-420E-8363-6179FBF995AE}.Debug|Any CPU.Build.0 = Debug|Any CPU
		{86830676-2249-420E-8363-6179FBF995AE}.Release|Any CPU.ActiveCfg = Release|Any CPU
		{86830676-2249-420E-8363-6179FBF995AE}.Release|Any CPU.Build.0 = Release|Any CPU
		{CD1E9FAC-B42E-409C-85A4-3FB25667B07B}.Debug|Any CPU.ActiveCfg = Debug|Any CPU
		{CD1E9FAC-B42E-409C-85A4-3FB25667B07B}.Debug|Any CPU.Build.0 = Debug|Any CPU
		{CD1E9FAC-B42E-409C-85A4-3FB25667B07B}.Release|Any CPU.ActiveCfg = Release|Any CPU
		{CD1E9FAC-B42E-409C-85A4-3FB25667B07B}.Release|Any CPU.Build.0 = Release|Any CPU
		{3E4C70A6-73AF-4428-B9BD-D4D186A46966}.Debug|Any CPU.ActiveCfg = Debug|Any CPU
		{3E4C70A6-73AF-4428-B9BD-D4D186A46966}.Debug|Any CPU.Build.0 = Debug|Any CPU
		{3E4C70A6-73AF-4428-B9BD-D4D186A46966}.Release|Any CPU.ActiveCfg = Release|Any CPU
		{3E4C70A6-73AF-4428-B9BD-D4D186A46966}.Release|Any CPU.Build.0 = Release|Any CPU
		{3CC31295-4A69-499D-9F95-1FF50A0476DD}.Debug|Any CPU.ActiveCfg = Debug|Any CPU
		{3CC31295-4A69-499D-9F95-1FF50A0476DD}.Debug|Any CPU.Build.0 = Debug|Any CPU
		{3CC31295-4A69-499D-9F95-1FF50A0476DD}.Release|Any CPU.ActiveCfg = Release|Any CPU
		{3CC31295-4A69-499D-9F95-1FF50A0476DD}.Release|Any CPU.Build.0 = Release|Any CPU
		{B21B5BE1-17C4-40DF-A4BE-92BFD4C2EB25}.Debug|Any CPU.ActiveCfg = Debug|Any CPU
		{B21B5BE1-17C4-40DF-A4BE-92BFD4C2EB25}.Debug|Any CPU.Build.0 = Debug|Any CPU
		{B21B5BE1-17C4-40DF-A4BE-92BFD4C2EB25}.Release|Any CPU.ActiveCfg = Release|Any CPU
		{B21B5BE1-17C4-40DF-A4BE-92BFD4C2EB25}.Release|Any CPU.Build.0 = Release|Any CPU
		{664C4CDA-DE21-4741-A7F5-1287FA038238}.Debug|Any CPU.ActiveCfg = Debug|Any CPU
		{664C4CDA-DE21-4741-A7F5-1287FA038238}.Debug|Any CPU.Build.0 = Debug|Any CPU
		{664C4CDA-DE21-4741-A7F5-1287FA038238}.Release|Any CPU.ActiveCfg = Release|Any CPU
		{664C4CDA-DE21-4741-A7F5-1287FA038238}.Release|Any CPU.Build.0 = Release|Any CPU
		{7A06F221-3605-4D8C-9DBA-280EAF4E2AFE}.Debug|Any CPU.ActiveCfg = Debug|Any CPU
		{7A06F221-3605-4D8C-9DBA-280EAF4E2AFE}.Debug|Any CPU.Build.0 = Debug|Any CPU
		{7A06F221-3605-4D8C-9DBA-280EAF4E2AFE}.Release|Any CPU.ActiveCfg = Release|Any CPU
		{7A06F221-3605-4D8C-9DBA-280EAF4E2AFE}.Release|Any CPU.Build.0 = Release|Any CPU
		{A95D9F80-A521-40FF-8612-2C0338B7DBB1}.Debug|Any CPU.ActiveCfg = Debug|Any CPU
		{A95D9F80-A521-40FF-8612-2C0338B7DBB1}.Debug|Any CPU.Build.0 = Debug|Any CPU
		{A95D9F80-A521-40FF-8612-2C0338B7DBB1}.Release|Any CPU.ActiveCfg = Release|Any CPU
		{A95D9F80-A521-40FF-8612-2C0338B7DBB1}.Release|Any CPU.Build.0 = Release|Any CPU
		{37F830AA-5A5D-4EA4-9B7E-744AF210A758}.Debug|Any CPU.ActiveCfg = Debug|Any CPU
		{37F830AA-5A5D-4EA4-9B7E-744AF210A758}.Debug|Any CPU.Build.0 = Debug|Any CPU
		{37F830AA-5A5D-4EA4-9B7E-744AF210A758}.Release|Any CPU.ActiveCfg = Release|Any CPU
		{37F830AA-5A5D-4EA4-9B7E-744AF210A758}.Release|Any CPU.Build.0 = Release|Any CPU
		{21C27046-7D00-4834-94F6-B9717A967105}.Debug|Any CPU.ActiveCfg = Debug|Any CPU
		{21C27046-7D00-4834-94F6-B9717A967105}.Debug|Any CPU.Build.0 = Debug|Any CPU
		{21C27046-7D00-4834-94F6-B9717A967105}.Release|Any CPU.ActiveCfg = Release|Any CPU
		{21C27046-7D00-4834-94F6-B9717A967105}.Release|Any CPU.Build.0 = Release|Any CPU
		{B4E56F1E-E550-4475-828A-9BB5BD345053}.Debug|Any CPU.ActiveCfg = Debug|Any CPU
		{B4E56F1E-E550-4475-828A-9BB5BD345053}.Debug|Any CPU.Build.0 = Debug|Any CPU
		{B4E56F1E-E550-4475-828A-9BB5BD345053}.Release|Any CPU.ActiveCfg = Release|Any CPU
		{B4E56F1E-E550-4475-828A-9BB5BD345053}.Release|Any CPU.Build.0 = Release|Any CPU
		{289C5287-8C2C-4E0F-8240-800A298BC9CB}.Debug|Any CPU.ActiveCfg = Debug|Any CPU
		{289C5287-8C2C-4E0F-8240-800A298BC9CB}.Debug|Any CPU.Build.0 = Debug|Any CPU
		{289C5287-8C2C-4E0F-8240-800A298BC9CB}.Release|Any CPU.ActiveCfg = Release|Any CPU
		{289C5287-8C2C-4E0F-8240-800A298BC9CB}.Release|Any CPU.Build.0 = Release|Any CPU
		{E6B43431-DABC-4DD1-9F93-D54037D8FFEB}.Debug|Any CPU.ActiveCfg = Debug|Any CPU
		{E6B43431-DABC-4DD1-9F93-D54037D8FFEB}.Debug|Any CPU.Build.0 = Debug|Any CPU
		{E6B43431-DABC-4DD1-9F93-D54037D8FFEB}.Release|Any CPU.ActiveCfg = Release|Any CPU
		{E6B43431-DABC-4DD1-9F93-D54037D8FFEB}.Release|Any CPU.Build.0 = Release|Any CPU
		{D0A93AC2-D4AA-4789-B060-8A6662D1D691}.Debug|Any CPU.ActiveCfg = Debug|Any CPU
		{D0A93AC2-D4AA-4789-B060-8A6662D1D691}.Debug|Any CPU.Build.0 = Debug|Any CPU
		{D0A93AC2-D4AA-4789-B060-8A6662D1D691}.Release|Any CPU.ActiveCfg = Release|Any CPU
		{D0A93AC2-D4AA-4789-B060-8A6662D1D691}.Release|Any CPU.Build.0 = Release|Any CPU
		{77AC8694-6DF4-41FD-AE27-C6DE180F815E}.Debug|Any CPU.ActiveCfg = Debug|Any CPU
		{77AC8694-6DF4-41FD-AE27-C6DE180F815E}.Debug|Any CPU.Build.0 = Debug|Any CPU
		{77AC8694-6DF4-41FD-AE27-C6DE180F815E}.Release|Any CPU.ActiveCfg = Release|Any CPU
		{77AC8694-6DF4-41FD-AE27-C6DE180F815E}.Release|Any CPU.Build.0 = Release|Any CPU
		{C3DDFA6D-64B4-4AC4-A31A-58E8F9F972AE}.Debug|Any CPU.ActiveCfg = Debug|Any CPU
		{C3DDFA6D-64B4-4AC4-A31A-58E8F9F972AE}.Debug|Any CPU.Build.0 = Debug|Any CPU
		{C3DDFA6D-64B4-4AC4-A31A-58E8F9F972AE}.Release|Any CPU.ActiveCfg = Release|Any CPU
		{C3DDFA6D-64B4-4AC4-A31A-58E8F9F972AE}.Release|Any CPU.Build.0 = Release|Any CPU
		{B75C77D5-05BB-4FBA-B595-2C19B0E5AEBB}.Debug|Any CPU.ActiveCfg = Debug|Any CPU
		{B75C77D5-05BB-4FBA-B595-2C19B0E5AEBB}.Debug|Any CPU.Build.0 = Debug|Any CPU
		{B75C77D5-05BB-4FBA-B595-2C19B0E5AEBB}.Release|Any CPU.ActiveCfg = Release|Any CPU
		{B75C77D5-05BB-4FBA-B595-2C19B0E5AEBB}.Release|Any CPU.Build.0 = Release|Any CPU
		{D65EB6E8-BC91-43B5-916B-6790E602B5C1}.Debug|Any CPU.ActiveCfg = Debug|Any CPU
		{D65EB6E8-BC91-43B5-916B-6790E602B5C1}.Debug|Any CPU.Build.0 = Debug|Any CPU
		{D65EB6E8-BC91-43B5-916B-6790E602B5C1}.Release|Any CPU.ActiveCfg = Release|Any CPU
		{D65EB6E8-BC91-43B5-916B-6790E602B5C1}.Release|Any CPU.Build.0 = Release|Any CPU
		{6961796C-1847-41DE-9A03-BB7E840A9E8B}.Debug|Any CPU.ActiveCfg = Debug|Any CPU
		{6961796C-1847-41DE-9A03-BB7E840A9E8B}.Debug|Any CPU.Build.0 = Debug|Any CPU
		{6961796C-1847-41DE-9A03-BB7E840A9E8B}.Release|Any CPU.ActiveCfg = Release|Any CPU
		{6961796C-1847-41DE-9A03-BB7E840A9E8B}.Release|Any CPU.Build.0 = Release|Any CPU
		{AB8DCC02-C226-4ECD-AFB3-4E91B1EB8DD5}.Debug|Any CPU.ActiveCfg = Debug|Any CPU
		{AB8DCC02-C226-4ECD-AFB3-4E91B1EB8DD5}.Debug|Any CPU.Build.0 = Debug|Any CPU
		{AB8DCC02-C226-4ECD-AFB3-4E91B1EB8DD5}.Release|Any CPU.ActiveCfg = Release|Any CPU
		{AB8DCC02-C226-4ECD-AFB3-4E91B1EB8DD5}.Release|Any CPU.Build.0 = Release|Any CPU
		{09F4C0B5-607E-449A-8BA7-B05BC49D96B3}.Debug|Any CPU.ActiveCfg = Debug|Any CPU
		{09F4C0B5-607E-449A-8BA7-B05BC49D96B3}.Debug|Any CPU.Build.0 = Debug|Any CPU
		{09F4C0B5-607E-449A-8BA7-B05BC49D96B3}.Release|Any CPU.ActiveCfg = Release|Any CPU
		{09F4C0B5-607E-449A-8BA7-B05BC49D96B3}.Release|Any CPU.Build.0 = Release|Any CPU
		{23931E9D-F385-42D2-BB95-E0A5CE53FEFE}.Debug|Any CPU.ActiveCfg = Debug|Any CPU
		{23931E9D-F385-42D2-BB95-E0A5CE53FEFE}.Debug|Any CPU.Build.0 = Debug|Any CPU
		{23931E9D-F385-42D2-BB95-E0A5CE53FEFE}.Release|Any CPU.ActiveCfg = Release|Any CPU
		{23931E9D-F385-42D2-BB95-E0A5CE53FEFE}.Release|Any CPU.Build.0 = Release|Any CPU
		{FF143B81-47E6-4212-AA60-205881043160}.Debug|Any CPU.ActiveCfg = Debug|Any CPU
		{FF143B81-47E6-4212-AA60-205881043160}.Debug|Any CPU.Build.0 = Debug|Any CPU
		{FF143B81-47E6-4212-AA60-205881043160}.Release|Any CPU.ActiveCfg = Release|Any CPU
		{FF143B81-47E6-4212-AA60-205881043160}.Release|Any CPU.Build.0 = Release|Any CPU
		{B8D3AC2B-076A-4E44-B912-4C525C87B872}.Debug|Any CPU.ActiveCfg = Debug|Any CPU
		{B8D3AC2B-076A-4E44-B912-4C525C87B872}.Debug|Any CPU.Build.0 = Debug|Any CPU
		{B8D3AC2B-076A-4E44-B912-4C525C87B872}.Release|Any CPU.ActiveCfg = Release|Any CPU
		{B8D3AC2B-076A-4E44-B912-4C525C87B872}.Release|Any CPU.Build.0 = Release|Any CPU
	EndGlobalSection
	GlobalSection(SolutionProperties) = preSolution
		HideSolutionNode = FALSE
	EndGlobalSection
	GlobalSection(NestedProjects) = preSolution
		{95879A7C-CB47-4CA7-BBFE-D73D2DA6F854} = {F89B1A67-3995-4784-A114-47A3D6984447}
		{0DD9E37D-8CD9-4520-854F-800AE7A28F23} = {6F2D0624-2B56-4F32-8BFC-9A82CD8403C5}
		{D0B64AD8-A2A6-45E1-AF86-E445DBC63537} = {6F2D0624-2B56-4F32-8BFC-9A82CD8403C5}
		{024E4624-EC62-4D3C-AA1A-C68A5BA56A21} = {6F2D0624-2B56-4F32-8BFC-9A82CD8403C5}
		{4CD76B31-4A69-45CE-A26A-DB70C93D2D20} = {6F2D0624-2B56-4F32-8BFC-9A82CD8403C5}
		{EF6993F1-8FFA-44F6-BC64-9A5F3EEA4666} = {6F2D0624-2B56-4F32-8BFC-9A82CD8403C5}
		{5C3096F6-6AC9-42F9-943C-B462069A8BEA} = {6F2D0624-2B56-4F32-8BFC-9A82CD8403C5}
		{86830676-2249-420E-8363-6179FBF995AE} = {6F2D0624-2B56-4F32-8BFC-9A82CD8403C5}
		{CD1E9FAC-B42E-409C-85A4-3FB25667B07B} = {6F2D0624-2B56-4F32-8BFC-9A82CD8403C5}
		{3E4C70A6-73AF-4428-B9BD-D4D186A46966} = {6F2D0624-2B56-4F32-8BFC-9A82CD8403C5}
		{3CC31295-4A69-499D-9F95-1FF50A0476DD} = {6E5F064F-1506-440F-BA27-9156262B9C99}
		{B21B5BE1-17C4-40DF-A4BE-92BFD4C2EB25} = {6E5F064F-1506-440F-BA27-9156262B9C99}
		{664C4CDA-DE21-4741-A7F5-1287FA038238} = {6E5F064F-1506-440F-BA27-9156262B9C99}
		{7A06F221-3605-4D8C-9DBA-280EAF4E2AFE} = {6E5F064F-1506-440F-BA27-9156262B9C99}
		{A95D9F80-A521-40FF-8612-2C0338B7DBB1} = {6E5F064F-1506-440F-BA27-9156262B9C99}
		{37F830AA-5A5D-4EA4-9B7E-744AF210A758} = {6E5F064F-1506-440F-BA27-9156262B9C99}
		{21C27046-7D00-4834-94F6-B9717A967105} = {6E5F064F-1506-440F-BA27-9156262B9C99}
		{B4E56F1E-E550-4475-828A-9BB5BD345053} = {6E5F064F-1506-440F-BA27-9156262B9C99}
		{289C5287-8C2C-4E0F-8240-800A298BC9CB} = {6E5F064F-1506-440F-BA27-9156262B9C99}
		{E6B43431-DABC-4DD1-9F93-D54037D8FFEB} = {6E5F064F-1506-440F-BA27-9156262B9C99}
		{D0A93AC2-D4AA-4789-B060-8A6662D1D691} = {6E5F064F-1506-440F-BA27-9156262B9C99}
		{77AC8694-6DF4-41FD-AE27-C6DE180F815E} = {6E5F064F-1506-440F-BA27-9156262B9C99}
		{C3DDFA6D-64B4-4AC4-A31A-58E8F9F972AE} = {6E5F064F-1506-440F-BA27-9156262B9C99}
		{B75C77D5-05BB-4FBA-B595-2C19B0E5AEBB} = {6E5F064F-1506-440F-BA27-9156262B9C99}
		{D65EB6E8-BC91-43B5-916B-6790E602B5C1} = {6E5F064F-1506-440F-BA27-9156262B9C99}
		{6961796C-1847-41DE-9A03-BB7E840A9E8B} = {6E5F064F-1506-440F-BA27-9156262B9C99}
		{AB8DCC02-C226-4ECD-AFB3-4E91B1EB8DD5} = {6E5F064F-1506-440F-BA27-9156262B9C99}
		{09F4C0B5-607E-449A-8BA7-B05BC49D96B3} = {6E5F064F-1506-440F-BA27-9156262B9C99}
		{23931E9D-F385-42D2-BB95-E0A5CE53FEFE} = {6E5F064F-1506-440F-BA27-9156262B9C99}
		{FF143B81-47E6-4212-AA60-205881043160} = {6E5F064F-1506-440F-BA27-9156262B9C99}
		{B8D3AC2B-076A-4E44-B912-4C525C87B872} = {6E5F064F-1506-440F-BA27-9156262B9C99}
	EndGlobalSection
EndGlobal
