
Microsoft Visual Studio Solution File, Format Version 12.00
# Visual Studio 14
VisualStudioVersion = 14.0.25123.0
MinimumVisualStudioVersion = 10.0.40219.1
Project("{FAE04EC0-301F-11D3-BF4B-00C04F79EFBC}") = "sample1.7", "Practice_Sample\sample1.7.csproj", "{95879A7C-CB47-4CA7-BBFE-D73D2DA6F854}"
EndProject
Project("{FAE04EC0-301F-11D3-BF4B-00C04F79EFBC}") = "sample2.1", "Project1\sample2.1.csproj", "{0DD9E37D-8CD9-4520-854F-800AE7A28F23}"
EndProject
Project("{FAE04EC0-301F-11D3-BF4B-00C04F79EFBC}") = "sample2.3-1", "sample2.3\sample2.3-1.csproj", "{D0B64AD8-A2A6-45E1-AF86-E445DBC63537}"
EndProject
Project("{FAE04EC0-301F-11D3-BF4B-00C04F79EFBC}") = "sample2.3-2", "Project2\sample2.3-2.csproj", "{024E4624-EC62-4D3C-AA1A-C68A5BA56A21}"
EndProject
Project("{FAE04EC0-301F-11D3-BF4B-00C04F79EFBC}") = "sample2.4-1", "Project3\sample2.4-1.csproj", "{4CD76B31-4A69-45CE-A26A-DB70C93D2D20}"
EndProject
Project("{FAE04EC0-301F-11D3-BF4B-00C04F79EFBC}") = "sample2.4-2", "sample2.4-2\sample2.4-2.csproj", "{EF6993F1-8FFA-44F6-BC64-9A5F3EEA4666}"
EndProject
Project("{FAE04EC0-301F-11D3-BF4B-00C04F79EFBC}") = "sample2.4-3", "Project4\sample2.4-3.csproj", "{5C3096F6-6AC9-42F9-943C-B462069A8BEA}"
EndProject
Project("{FAE04EC0-301F-11D3-BF4B-00C04F79EFBC}") = "sample2.4-4", "Project6\sample2.4-4.csproj", "{86830676-2249-420E-8363-6179FBF995AE}"
EndProject
Project("{FAE04EC0-301F-11D3-BF4B-00C04F79EFBC}") = "sample2.4-5", "sample2.4-5\sample2.4-5.csproj", "{CD1E9FAC-B42E-409C-85A4-3FB25667B07B}"
EndProject
Project("{FAE04EC0-301F-11D3-BF4B-00C04F79EFBC}") = "sample2.5", "Project8\sample2.5.csproj", "{3E4C70A6-73AF-4428-B9BD-D4D186A46966}"
EndProject
Project("{FAE04EC0-301F-11D3-BF4B-00C04F79EFBC}") = "sample3.4-1", "sample3.4\sample3.4-1.csproj", "{3CC31295-4A69-499D-9F95-1FF50A0476DD}"
EndProject
Project("{FAE04EC0-301F-11D3-BF4B-00C04F79EFBC}") = "sample3.4-2", "sample3.4-2\sample3.4-2.csproj", "{B21B5BE1-17C4-40DF-A4BE-92BFD4C2EB25}"
EndProject
Project("{FAE04EC0-301F-11D3-BF4B-00C04F79EFBC}") = "sample3.4-3", "smaple3.4-3\sample3.4-3.csproj", "{664C4CDA-DE21-4741-A7F5-1287FA038238}"
EndProject
Project("{FAE04EC0-301F-11D3-BF4B-00C04F79EFBC}") = "sample3.5-1", "sample3.5-1\sample3.5-1.csproj", "{7A06F221-3605-4D8C-9DBA-280EAF4E2AFE}"
EndProject
Project("{FAE04EC0-301F-11D3-BF4B-00C04F79EFBC}") = "sample3.5-2", "sample3.5-2\sample3.5-2.csproj", "{A95D9F80-A521-40FF-8612-2C0338B7DBB1}"
EndProject
Project("{2150E333-8FDC-42A3-9474-1A3956D46DE8}") = "sample1.-", "sample1.-", "{F89B1A67-3995-4784-A114-47A3D6984447}"
EndProject
Project("{2150E333-8FDC-42A3-9474-1A3956D46DE8}") = "sample2.-", "sample2.-", "{6F2D0624-2B56-4F32-8BFC-9A82CD8403C5}"
EndProject
Project("{2150E333-8FDC-42A3-9474-1A3956D46DE8}") = "sample3.-", "sample3.-", "{6E5F064F-1506-440F-BA27-9156262B9C99}"
EndProject
Global
	GlobalSection(SolutionConfigurationPlatforms) = preSolution
		Debug|Any CPU = Debug|Any CPU
		Release|Any CPU = Release|Any CPU
	EndGlobalSection
	GlobalSection(ProjectConfigurationPlatforms) = postSolution
		{95879A7C-CB47-4CA7-BBFE-D73D2DA6F854}.Debug|Any CPU.ActiveCfg = Debug|Any CPU
		{95879A7C-CB47-4CA7-BBFE-D73D2DA6F854}.Debug|Any CPU.Build.0 = Debug|Any CPU
		{95879A7C-CB47-4CA7-BBFE-D73D2DA6F854}.Release|Any CPU.ActiveCfg = Release|Any CPU
		{95879A7C-CB47-4CA7-BBFE-D73D2DA6F854}.Release|Any CPU.Build.0 = Release|Any CPU
		{0DD9E37D-8CD9-4520-854F-800AE7A28F23}.Debug|Any CPU.ActiveCfg = Debug|Any CPU
		{0DD9E37D-8CD9-4520-854F-800AE7A28F23}.Debug|Any CPU.Build.0 = Debug|Any CPU
		{0DD9E37D-8CD9-4520-854F-800AE7A28F23}.Release|Any CPU.ActiveCfg = Release|Any CPU
		{0DD9E37D-8CD9-4520-854F-800AE7A28F23}.Release|Any CPU.Build.0 = Release|Any CPU
		{D0B64AD8-A2A6-45E1-AF86-E445DBC63537}.Debug|Any CPU.ActiveCfg = Debug|Any CPU
		{D0B64AD8-A2A6-45E1-AF86-E445DBC63537}.Debug|Any CPU.Build.0 = Debug|Any CPU
		{D0B64AD8-A2A6-45E1-AF86-E445DBC63537}.Release|Any CPU.ActiveCfg = Release|Any CPU
		{D0B64AD8-A2A6-45E1-AF86-E445DBC63537}.Release|Any CPU.Build.0 = Release|Any CPU
		{024E4624-EC62-4D3C-AA1A-C68A5BA56A21}.Debug|Any CPU.ActiveCfg = Debug|Any CPU
		{024E4624-EC62-4D3C-AA1A-C68A5BA56A21}.Debug|Any CPU.Build.0 = Debug|Any CPU
		{024E4624-EC62-4D3C-AA1A-C68A5BA56A21}.Release|Any CPU.ActiveCfg = Release|Any CPU
		{024E4624-EC62-4D3C-AA1A-C68A5BA56A21}.Release|Any CPU.Build.0 = Release|Any CPU
		{4CD76B31-4A69-45CE-A26A-DB70C93D2D20}.Debug|Any CPU.ActiveCfg = Debug|Any CPU
		{4CD76B31-4A69-45CE-A26A-DB70C93D2D20}.Debug|Any CPU.Build.0 = Debug|Any CPU
		{4CD76B31-4A69-45CE-A26A-DB70C93D2D20}.Release|Any CPU.ActiveCfg = Release|Any CPU
		{4CD76B31-4A69-45CE-A26A-DB70C93D2D20}.Release|Any CPU.Build.0 = Release|Any CPU
		{EF6993F1-8FFA-44F6-BC64-9A5F3EEA4666}.Debug|Any CPU.ActiveCfg = Debug|Any CPU
		{EF6993F1-8FFA-44F6-BC64-9A5F3EEA4666}.Debug|Any CPU.Build.0 = Debug|Any CPU
		{EF6993F1-8FFA-44F6-BC64-9A5F3EEA4666}.Release|Any CPU.ActiveCfg = Release|Any CPU
		{EF6993F1-8FFA-44F6-BC64-9A5F3EEA4666}.Release|Any CPU.Build.0 = Release|Any CPU
		{5C3096F6-6AC9-42F9-943C-B462069A8BEA}.Debug|Any CPU.ActiveCfg = Debug|Any CPU
		{5C3096F6-6AC9-42F9-943C-B462069A8BEA}.Debug|Any CPU.Build.0 = Debug|Any CPU
		{5C3096F6-6AC9-42F9-943C-B462069A8BEA}.Release|Any CPU.ActiveCfg = Release|Any CPU
		{5C3096F6-6AC9-42F9-943C-B462069A8BEA}.Release|Any CPU.Build.0 = Release|Any CPU
		{86830676-2249-420E-8363-6179FBF995AE}.Debug|Any CPU.ActiveCfg = Debug|Any CPU
		{86830676-2249-420E-8363-6179FBF995AE}.Debug|Any CPU.Build.0 = Debug|Any CPU
		{86830676-2249-420E-8363-6179FBF995AE}.Release|Any CPU.ActiveCfg = Release|Any CPU
		{86830676-2249-420E-8363-6179FBF995AE}.Release|Any CPU.Build.0 = Release|Any CPU
		{CD1E9FAC-B42E-409C-85A4-3FB25667B07B}.Debug|Any CPU.ActiveCfg = Debug|Any CPU
		{CD1E9FAC-B42E-409C-85A4-3FB25667B07B}.Debug|Any CPU.Build.0 = Debug|Any CPU
		{CD1E9FAC-B42E-409C-85A4-3FB25667B07B}.Release|Any CPU.ActiveCfg = Release|Any CPU
		{CD1E9FAC-B42E-409C-85A4-3FB25667B07B}.Release|Any CPU.Build.0 = Release|Any CPU
		{3E4C70A6-73AF-4428-B9BD-D4D186A46966}.Debug|Any CPU.ActiveCfg = Debug|Any CPU
		{3E4C70A6-73AF-4428-B9BD-D4D186A46966}.Debug|Any CPU.Build.0 = Debug|Any CPU
		{3E4C70A6-73AF-4428-B9BD-D4D186A46966}.Release|Any CPU.ActiveCfg = Release|Any CPU
		{3E4C70A6-73AF-4428-B9BD-D4D186A46966}.Release|Any CPU.Build.0 = Release|Any CPU
		{3CC31295-4A69-499D-9F95-1FF50A0476DD}.Debug|Any CPU.ActiveCfg = Debug|Any CPU
		{3CC31295-4A69-499D-9F95-1FF50A0476DD}.Debug|Any CPU.Build.0 = Debug|Any CPU
		{3CC31295-4A69-499D-9F95-1FF50A0476DD}.Release|Any CPU.ActiveCfg = Release|Any CPU
		{3CC31295-4A69-499D-9F95-1FF50A0476DD}.Release|Any CPU.Build.0 = Release|Any CPU
		{B21B5BE1-17C4-40DF-A4BE-92BFD4C2EB25}.Debug|Any CPU.ActiveCfg = Debug|Any CPU
		{B21B5BE1-17C4-40DF-A4BE-92BFD4C2EB25}.Debug|Any CPU.Build.0 = Debug|Any CPU
		{B21B5BE1-17C4-40DF-A4BE-92BFD4C2EB25}.Release|Any CPU.ActiveCfg = Release|Any CPU
		{B21B5BE1-17C4-40DF-A4BE-92BFD4C2EB25}.Release|Any CPU.Build.0 = Release|Any CPU
		{664C4CDA-DE21-4741-A7F5-1287FA038238}.Debug|Any CPU.ActiveCfg = Debug|Any CPU
		{664C4CDA-DE21-4741-A7F5-1287FA038238}.Debug|Any CPU.Build.0 = Debug|Any CPU
		{664C4CDA-DE21-4741-A7F5-1287FA038238}.Release|Any CPU.ActiveCfg = Release|Any CPU
		{664C4CDA-DE21-4741-A7F5-1287FA038238}.Release|Any CPU.Build.0 = Release|Any CPU
		{7A06F221-3605-4D8C-9DBA-280EAF4E2AFE}.Debug|Any CPU.ActiveCfg = Debug|Any CPU
		{7A06F221-3605-4D8C-9DBA-280EAF4E2AFE}.Debug|Any CPU.Build.0 = Debug|Any CPU
		{7A06F221-3605-4D8C-9DBA-280EAF4E2AFE}.Release|Any CPU.ActiveCfg = Release|Any CPU
		{7A06F221-3605-4D8C-9DBA-280EAF4E2AFE}.Release|Any CPU.Build.0 = Release|Any CPU
		{A95D9F80-A521-40FF-8612-2C0338B7DBB1}.Debug|Any CPU.ActiveCfg = Debug|Any CPU
		{A95D9F80-A521-40FF-8612-2C0338B7DBB1}.Debug|Any CPU.Build.0 = Debug|Any CPU
		{A95D9F80-A521-40FF-8612-2C0338B7DBB1}.Release|Any CPU.ActiveCfg = Release|Any CPU
		{A95D9F80-A521-40FF-8612-2C0338B7DBB1}.Release|Any CPU.Build.0 = Release|Any CPU
	EndGlobalSection
	GlobalSection(SolutionProperties) = preSolution
		HideSolutionNode = FALSE
	EndGlobalSection
	GlobalSection(NestedProjects) = preSolution
		{95879A7C-CB47-4CA7-BBFE-D73D2DA6F854} = {F89B1A67-3995-4784-A114-47A3D6984447}
		{0DD9E37D-8CD9-4520-854F-800AE7A28F23} = {6F2D0624-2B56-4F32-8BFC-9A82CD8403C5}
		{D0B64AD8-A2A6-45E1-AF86-E445DBC63537} = {6F2D0624-2B56-4F32-8BFC-9A82CD8403C5}
		{024E4624-EC62-4D3C-AA1A-C68A5BA56A21} = {6F2D0624-2B56-4F32-8BFC-9A82CD8403C5}
		{4CD76B31-4A69-45CE-A26A-DB70C93D2D20} = {6F2D0624-2B56-4F32-8BFC-9A82CD8403C5}
		{EF6993F1-8FFA-44F6-BC64-9A5F3EEA4666} = {6F2D0624-2B56-4F32-8BFC-9A82CD8403C5}
		{5C3096F6-6AC9-42F9-943C-B462069A8BEA} = {6F2D0624-2B56-4F32-8BFC-9A82CD8403C5}
		{86830676-2249-420E-8363-6179FBF995AE} = {6F2D0624-2B56-4F32-8BFC-9A82CD8403C5}
		{CD1E9FAC-B42E-409C-85A4-3FB25667B07B} = {6F2D0624-2B56-4F32-8BFC-9A82CD8403C5}
		{3E4C70A6-73AF-4428-B9BD-D4D186A46966} = {6F2D0624-2B56-4F32-8BFC-9A82CD8403C5}
		{3CC31295-4A69-499D-9F95-1FF50A0476DD} = {6E5F064F-1506-440F-BA27-9156262B9C99}
		{B21B5BE1-17C4-40DF-A4BE-92BFD4C2EB25} = {6E5F064F-1506-440F-BA27-9156262B9C99}
		{664C4CDA-DE21-4741-A7F5-1287FA038238} = {6E5F064F-1506-440F-BA27-9156262B9C99}
		{7A06F221-3605-4D8C-9DBA-280EAF4E2AFE} = {6E5F064F-1506-440F-BA27-9156262B9C99}
		{A95D9F80-A521-40FF-8612-2C0338B7DBB1} = {6E5F064F-1506-440F-BA27-9156262B9C99}
	EndGlobalSection
EndGlobal
